// !$*UTF8*$!
{
	archiveVersion = 1;
	classes = {
	};
	objectVersion = 46;
	objects = {

/* Begin PBXBuildFile section */
		700B1A8A1C7B6DA00012C5A4 /* VoteItem.swift in Sources */ = {isa = PBXBuildFile; fileRef = 700B1A891C7B6DA00012C5A4 /* VoteItem.swift */; };
		701C38611CA74DB00066A365 /* AddImageCell.swift in Sources */ = {isa = PBXBuildFile; fileRef = 701C38601CA74DB00066A365 /* AddImageCell.swift */; };
		701C38651CA7558C0066A365 /* AddButton.swift in Sources */ = {isa = PBXBuildFile; fileRef = 701C38641CA7558C0066A365 /* AddButton.swift */; };
		701C38671CA7559B0066A365 /* AddButton.xib in Resources */ = {isa = PBXBuildFile; fileRef = 701C38661CA7559B0066A365 /* AddButton.xib */; };
		70629B121C61EF7500865921 /* Localizable.strings in Resources */ = {isa = PBXBuildFile; fileRef = 70629B141C61EF7500865921 /* Localizable.strings */; };
		70696DB01C6F103D0038DB83 /* PostOutlineCell.swift in Sources */ = {isa = PBXBuildFile; fileRef = 70696DAE1C6F103D0038DB83 /* PostOutlineCell.swift */; };
		70696DB11C6F103D0038DB83 /* PostOutlineCell.xib in Resources */ = {isa = PBXBuildFile; fileRef = 70696DAF1C6F103D0038DB83 /* PostOutlineCell.xib */; };
		70696DB31C6F7AB90038DB83 /* Posts.storyboard in Resources */ = {isa = PBXBuildFile; fileRef = 70696DB21C6F7AB90038DB83 /* Posts.storyboard */; };
		70696DB51C70C67E0038DB83 /* CustomDateTransform.swift in Sources */ = {isa = PBXBuildFile; fileRef = 70696DB41C70C67E0038DB83 /* CustomDateTransform.swift */; };
		706A001F1C5A297300A8D7B4 /* AppDelegate.swift in Sources */ = {isa = PBXBuildFile; fileRef = 706A001E1C5A297300A8D7B4 /* AppDelegate.swift */; };
		706A00261C5A297300A8D7B4 /* Main.storyboard in Resources */ = {isa = PBXBuildFile; fileRef = 706A00241C5A297300A8D7B4 /* Main.storyboard */; };
		706A00281C5A297300A8D7B4 /* Images.xcassets in Resources */ = {isa = PBXBuildFile; fileRef = 706A00271C5A297300A8D7B4 /* Images.xcassets */; };
		706A002B1C5A297300A8D7B4 /* LaunchScreen.storyboard in Resources */ = {isa = PBXBuildFile; fileRef = 706A00291C5A297300A8D7B4 /* LaunchScreen.storyboard */; };
		706A00361C5A297300A8D7B4 /* WeImgTests.swift in Sources */ = {isa = PBXBuildFile; fileRef = 706A00351C5A297300A8D7B4 /* WeImgTests.swift */; };
		706BD6781C626C8900A277D7 /* RegisterPickPasswordViewController.swift in Sources */ = {isa = PBXBuildFile; fileRef = 706BD6771C626C8900A277D7 /* RegisterPickPasswordViewController.swift */; };
		706BD67C1C63019B00A277D7 /* Settings.storyboard in Resources */ = {isa = PBXBuildFile; fileRef = 706BD67A1C63019B00A277D7 /* Settings.storyboard */; };
		706BD67D1C63019B00A277D7 /* SettingsViewController.swift in Sources */ = {isa = PBXBuildFile; fileRef = 706BD67B1C63019B00A277D7 /* SettingsViewController.swift */; };
		706BD6821C63022700A277D7 /* SettingsUserCell.swift in Sources */ = {isa = PBXBuildFile; fileRef = 706BD6801C63022700A277D7 /* SettingsUserCell.swift */; };
		706BD6831C63022700A277D7 /* SettingsUserCell.xib in Resources */ = {isa = PBXBuildFile; fileRef = 706BD6811C63022700A277D7 /* SettingsUserCell.xib */; };
		706BD6871C63025B00A277D7 /* SettingsMoreCell.swift in Sources */ = {isa = PBXBuildFile; fileRef = 706BD6851C63025B00A277D7 /* SettingsMoreCell.swift */; };
		706BD6881C63025B00A277D7 /* SettingsMoreCell.xib in Resources */ = {isa = PBXBuildFile; fileRef = 706BD6861C63025B00A277D7 /* SettingsMoreCell.xib */; };
		706BD68C1C63030400A277D7 /* About.storyboard in Resources */ = {isa = PBXBuildFile; fileRef = 706BD68A1C63030400A277D7 /* About.storyboard */; };
		706BD68D1C63030400A277D7 /* AboutViewController.swift in Sources */ = {isa = PBXBuildFile; fileRef = 706BD68B1C63030400A277D7 /* AboutViewController.swift */; };
		706BD6961C63039C00A277D7 /* EditProfile.storyboard in Resources */ = {isa = PBXBuildFile; fileRef = 706BD6941C63039C00A277D7 /* EditProfile.storyboard */; };
		706BD6971C63039C00A277D7 /* EditProfileViewController.swift in Sources */ = {isa = PBXBuildFile; fileRef = 706BD6951C63039C00A277D7 /* EditProfileViewController.swift */; };
		706BD69A1C63581200A277D7 /* HorizontalLineView.swift in Sources */ = {isa = PBXBuildFile; fileRef = 706BD6991C63581200A277D7 /* HorizontalLineView.swift */; };
		706BD69C1C63588700A277D7 /* NSBundle+Yep.swift in Sources */ = {isa = PBXBuildFile; fileRef = 706BD69B1C63588700A277D7 /* NSBundle+Yep.swift */; };
		706BD6A61C6358C300A277D7 /* EditProfileColoredTitleCell.swift in Sources */ = {isa = PBXBuildFile; fileRef = 706BD69E1C6358C300A277D7 /* EditProfileColoredTitleCell.swift */; };
		706BD6A71C6358C300A277D7 /* EditProfileColoredTitleCell.xib in Resources */ = {isa = PBXBuildFile; fileRef = 706BD69F1C6358C300A277D7 /* EditProfileColoredTitleCell.xib */; };
		706BD6A81C6358C300A277D7 /* EditProfileLessInfoCell.swift in Sources */ = {isa = PBXBuildFile; fileRef = 706BD6A11C6358C300A277D7 /* EditProfileLessInfoCell.swift */; };
		706BD6A91C6358C300A277D7 /* EditProfileLessInfoCell.xib in Resources */ = {isa = PBXBuildFile; fileRef = 706BD6A21C6358C300A277D7 /* EditProfileLessInfoCell.xib */; };
		706BD6AF1C636BA800A277D7 /* AboutCell.swift in Sources */ = {isa = PBXBuildFile; fileRef = 706BD6AD1C636BA800A277D7 /* AboutCell.swift */; };
		706BD6B01C636BA800A277D7 /* AboutCell.xib in Resources */ = {isa = PBXBuildFile; fileRef = 706BD6AE1C636BA800A277D7 /* AboutCell.xib */; };
		706BD6B21C636D0300A277D7 /* YepLog.swift in Sources */ = {isa = PBXBuildFile; fileRef = 706BD6B11C636D0300A277D7 /* YepLog.swift */; };
		706BD6DA1C63A0B500A277D7 /* DiscoveredUser.swift in Sources */ = {isa = PBXBuildFile; fileRef = 706BD6D91C63A0B500A277D7 /* DiscoveredUser.swift */; };
		706BD6E21C63B01B00A277D7 /* WeChatActivity.swift in Sources */ = {isa = PBXBuildFile; fileRef = 706BD6E11C63B01B00A277D7 /* WeChatActivity.swift */; };
		706BD6E41C63B4F500A277D7 /* PlainAvatar.swift in Sources */ = {isa = PBXBuildFile; fileRef = 706BD6E31C63B4F500A277D7 /* PlainAvatar.swift */; };
		706BD6E61C63BA7300A277D7 /* AvatarStyles.swift in Sources */ = {isa = PBXBuildFile; fileRef = 706BD6E51C63BA7300A277D7 /* AvatarStyles.swift */; };
		706BD6E91C63C20D00A277D7 /* YepNavigationController.swift in Sources */ = {isa = PBXBuildFile; fileRef = 706BD6E81C63C20D00A277D7 /* YepNavigationController.swift */; };
		706BD6EB1C64DF8D00A277D7 /* Models.swift in Sources */ = {isa = PBXBuildFile; fileRef = 706BD6EA1C64DF8D00A277D7 /* Models.swift */; };
		706BD6ED1C64E78B00A277D7 /* NSFileManager+Yep.swift in Sources */ = {isa = PBXBuildFile; fileRef = 706BD6EC1C64E78B00A277D7 /* NSFileManager+Yep.swift */; };
		706BD6EF1C64EA9E00A277D7 /* Avatar.swift in Sources */ = {isa = PBXBuildFile; fileRef = 706BD6EE1C64EA9E00A277D7 /* Avatar.swift */; };
		706BD6F11C65291500A277D7 /* EmptyObject.swift in Sources */ = {isa = PBXBuildFile; fileRef = 706BD6F01C65291500A277D7 /* EmptyObject.swift */; };
		706BD6F41C66400F00A277D7 /* CHTCollectionViewWaterfallLayout.swift in Sources */ = {isa = PBXBuildFile; fileRef = 706BD6F31C66400F00A277D7 /* CHTCollectionViewWaterfallLayout.swift */; };
		706BD7081C66558E00A277D7 /* PostsViewController.swift in Sources */ = {isa = PBXBuildFile; fileRef = 706BD7041C66558E00A277D7 /* PostsViewController.swift */; };
		706BD70A1C67350200A277D7 /* Image.swift in Sources */ = {isa = PBXBuildFile; fileRef = 706BD7091C67350200A277D7 /* Image.swift */; };
		706BD70D1C67C04400A277D7 /* NewPostViewController.swift in Sources */ = {isa = PBXBuildFile; fileRef = 706BD70C1C67C04400A277D7 /* NewPostViewController.swift */; };
		706BD7101C67C1DD00A277D7 /* PickImageViewController.swift in Sources */ = {isa = PBXBuildFile; fileRef = 706BD70F1C67C1DD00A277D7 /* PickImageViewController.swift */; };
		706BD7121C67C26300A277D7 /* PickImage.storyboard in Resources */ = {isa = PBXBuildFile; fileRef = 706BD7111C67C26300A277D7 /* PickImage.storyboard */; };
		706BD7141C67C8A600A277D7 /* NewPost.storyboard in Resources */ = {isa = PBXBuildFile; fileRef = 706BD7131C67C8A600A277D7 /* NewPost.storyboard */; };
		706BD7181C67CDA700A277D7 /* EditImageCell.xib in Resources */ = {isa = PBXBuildFile; fileRef = 706BD7171C67CDA700A277D7 /* EditImageCell.xib */; };
		706BD71A1C67CDBD00A277D7 /* EditImageCell.swift in Sources */ = {isa = PBXBuildFile; fileRef = 706BD7191C67CDBD00A277D7 /* EditImageCell.swift */; };
		706BD71C1C67D40600A277D7 /* AddImageCell.xib in Resources */ = {isa = PBXBuildFile; fileRef = 706BD71B1C67D40600A277D7 /* AddImageCell.xib */; };
		707650BF1C686EEF000B3556 /* ImageItem.swift in Sources */ = {isa = PBXBuildFile; fileRef = 707650BE1C686EEF000B3556 /* ImageItem.swift */; };
		707650C21C69F2C6000B3556 /* PostDetailViewController.swift in Sources */ = {isa = PBXBuildFile; fileRef = 707650C11C69F2C6000B3556 /* PostDetailViewController.swift */; };
		707650C41C69F320000B3556 /* PostDetail.storyboard in Resources */ = {isa = PBXBuildFile; fileRef = 707650C31C69F320000B3556 /* PostDetail.storyboard */; };
		707650C71C69F915000B3556 /* PostTitleView.xib in Resources */ = {isa = PBXBuildFile; fileRef = 707650C61C69F915000B3556 /* PostTitleView.xib */; };
		707650C91C69F926000B3556 /* PostTitleView.swift in Sources */ = {isa = PBXBuildFile; fileRef = 707650C81C69F926000B3556 /* PostTitleView.swift */; };
		707650CC1C6A15A4000B3556 /* PostImageCell.xib in Resources */ = {isa = PBXBuildFile; fileRef = 707650CB1C6A15A4000B3556 /* PostImageCell.xib */; };
		707650CE1C6A15B8000B3556 /* PostImageCell.swift in Sources */ = {isa = PBXBuildFile; fileRef = 707650CD1C6A15B8000B3556 /* PostImageCell.swift */; };
		707650D01C6D00AA000B3556 /* Comment.swift in Sources */ = {isa = PBXBuildFile; fileRef = 707650CF1C6D00AA000B3556 /* Comment.swift */; };
		707650D21C6D01B5000B3556 /* CommentManager.swift in Sources */ = {isa = PBXBuildFile; fileRef = 707650D11C6D01B5000B3556 /* CommentManager.swift */; };
		707650DA1C6D16EC000B3556 /* CommentCell.swift in Sources */ = {isa = PBXBuildFile; fileRef = 707650D81C6D16EC000B3556 /* CommentCell.swift */; };
		707650DB1C6D16EC000B3556 /* CommentCell.xib in Resources */ = {isa = PBXBuildFile; fileRef = 707650D91C6D16EC000B3556 /* CommentCell.xib */; };
		707650DF1C6D95F7000B3556 /* CommentHeader.swift in Sources */ = {isa = PBXBuildFile; fileRef = 707650DD1C6D95F7000B3556 /* CommentHeader.swift */; };
		707650E01C6D95F7000B3556 /* CommentHeader.xib in Resources */ = {isa = PBXBuildFile; fileRef = 707650DE1C6D95F7000B3556 /* CommentHeader.xib */; };
		707650E31C6E582A000B3556 /* YepTabBarController.swift in Sources */ = {isa = PBXBuildFile; fileRef = 707650E21C6E582A000B3556 /* YepTabBarController.swift */; };
		707650E51C6E590A000B3556 /* UIScrollView+Yep.swift in Sources */ = {isa = PBXBuildFile; fileRef = 707650E41C6E590A000B3556 /* UIScrollView+Yep.swift */; };
		707650EE1C6E68B8000B3556 /* EditUsername.storyboard in Resources */ = {isa = PBXBuildFile; fileRef = 707650EC1C6E68B8000B3556 /* EditUsername.storyboard */; };
		707650EF1C6E68B8000B3556 /* EditUsernameController.swift in Sources */ = {isa = PBXBuildFile; fileRef = 707650ED1C6E68B8000B3556 /* EditUsernameController.swift */; };
		70B7D2551CBE1D52007E270A /* CommentAccessoryView.swift in Sources */ = {isa = PBXBuildFile; fileRef = 70B7D2531CBE1D52007E270A /* CommentAccessoryView.swift */; };
		70B7D2561CBE1D52007E270A /* CommentAccessoryView.xib in Resources */ = {isa = PBXBuildFile; fileRef = 70B7D2541CBE1D52007E270A /* CommentAccessoryView.xib */; };
		70C2F3601C5F5EE300C345B2 /* beauty.jpg in Resources */ = {isa = PBXBuildFile; fileRef = 70C2F35F1C5F5EE300C345B2 /* beauty.jpg */; };
		70C2F3DC1C60E68200C345B2 /* BaseViewController.swift in Sources */ = {isa = PBXBuildFile; fileRef = 70C2F3D31C60E68200C345B2 /* BaseViewController.swift */; };
		70C2F3DF1C60E68200C345B2 /* RegisterPickAvatarViewController.swift in Sources */ = {isa = PBXBuildFile; fileRef = 70C2F3D71C60E68200C345B2 /* RegisterPickAvatarViewController.swift */; };
		70C2F3E01C60E68200C345B2 /* RegisterPickMobileViewController.swift in Sources */ = {isa = PBXBuildFile; fileRef = 70C2F3D81C60E68200C345B2 /* RegisterPickMobileViewController.swift */; };
		70C2F3E11C60E68200C345B2 /* RegisterPickNameViewController.swift in Sources */ = {isa = PBXBuildFile; fileRef = 70C2F3D91C60E68200C345B2 /* RegisterPickNameViewController.swift */; };
		70C2F3E21C60E68200C345B2 /* RegisterVerifyMobileViewController.swift in Sources */ = {isa = PBXBuildFile; fileRef = 70C2F3DA1C60E68200C345B2 /* RegisterVerifyMobileViewController.swift */; };
		70C2F3F51C60E69900C345B2 /* BaseManager.swift in Sources */ = {isa = PBXBuildFile; fileRef = 70C2F3E51C60E69900C345B2 /* BaseManager.swift */; };
		70C2F3F61C60E69900C345B2 /* HttpClient.swift in Sources */ = {isa = PBXBuildFile; fileRef = 70C2F3E61C60E69900C345B2 /* HttpClient.swift */; };
		70C2F3F71C60E69900C345B2 /* ImageManager.swift in Sources */ = {isa = PBXBuildFile; fileRef = 70C2F3E71C60E69900C345B2 /* ImageManager.swift */; };
		70C2F3F81C60E69900C345B2 /* PostManager.swift in Sources */ = {isa = PBXBuildFile; fileRef = 70C2F3E81C60E69900C345B2 /* PostManager.swift */; };
		70C2F3F91C60E69900C345B2 /* UserManager.swift in Sources */ = {isa = PBXBuildFile; fileRef = 70C2F3E91C60E69900C345B2 /* UserManager.swift */; };
		70C2F4071C60E6B500C345B2 /* Post.swift in Sources */ = {isa = PBXBuildFile; fileRef = 70C2F4031C60E6B500C345B2 /* Post.swift */; };
		70C2F4081C60E6B500C345B2 /* UploadToken.swift in Sources */ = {isa = PBXBuildFile; fileRef = 70C2F4041C60E6B500C345B2 /* UploadToken.swift */; };
		70C2F4091C60E6B500C345B2 /* User.swift in Sources */ = {isa = PBXBuildFile; fileRef = 70C2F4051C60E6B500C345B2 /* User.swift */; };
		70C2F40C1C60E72C00C345B2 /* CameraPreviewView.swift in Sources */ = {isa = PBXBuildFile; fileRef = 70C2F40B1C60E72C00C345B2 /* CameraPreviewView.swift */; };
		70C2F40F1C60E76100C345B2 /* BorderButton.swift in Sources */ = {isa = PBXBuildFile; fileRef = 70C2F40E1C60E76100C345B2 /* BorderButton.swift */; };
		70C2F4121C60E7E400C345B2 /* BorderTextField.swift in Sources */ = {isa = PBXBuildFile; fileRef = 70C2F4111C60E7E400C345B2 /* BorderTextField.swift */; };
		70C2F4151C60EB5E00C345B2 /* CommonHelper.swift in Sources */ = {isa = PBXBuildFile; fileRef = 70C2F4141C60EB5E00C345B2 /* CommonHelper.swift */; };
		70C2F4181C60EC6E00C345B2 /* UIColor+WeImg.swift in Sources */ = {isa = PBXBuildFile; fileRef = 70C2F4171C60EC6E00C345B2 /* UIColor+WeImg.swift */; };
		70C2F41A1C60EC9600C345B2 /* UIColor+Yep.swift in Sources */ = {isa = PBXBuildFile; fileRef = 70C2F4191C60EC9600C345B2 /* UIColor+Yep.swift */; };
		70C2F41D1C60ECD600C345B2 /* NavigationTitleLabel.swift in Sources */ = {isa = PBXBuildFile; fileRef = 70C2F41C1C60ECD600C345B2 /* NavigationTitleLabel.swift */; };
		70C2F41F1C60ED0300C345B2 /* NSTimeZone+Yep.swift in Sources */ = {isa = PBXBuildFile; fileRef = 70C2F41E1C60ED0300C345B2 /* NSTimeZone+Yep.swift */; };
		70C2F4211C60ED4100C345B2 /* YepHUD.swift in Sources */ = {isa = PBXBuildFile; fileRef = 70C2F4201C60ED4100C345B2 /* YepHUD.swift */; };
		70C2F4231C60ED7B00C345B2 /* UIViewController+Yep.swift in Sources */ = {isa = PBXBuildFile; fileRef = 70C2F4221C60ED7B00C345B2 /* UIViewController+Yep.swift */; };
		70C2F4251C60EDD400C345B2 /* String+Yep.swift in Sources */ = {isa = PBXBuildFile; fileRef = 70C2F4241C60EDD400C345B2 /* String+Yep.swift */; };
		70C2F4271C611AE900C345B2 /* UIFont+Yep.swift in Sources */ = {isa = PBXBuildFile; fileRef = 70C2F4261C611AE900C345B2 /* UIFont+Yep.swift */; };
		70C2F4291C611B4E00C345B2 /* YepAlert.swift in Sources */ = {isa = PBXBuildFile; fileRef = 70C2F4281C611B4E00C345B2 /* YepAlert.swift */; };
		70C2F42B1C611BCA00C345B2 /* UIImage+Yep.swift in Sources */ = {isa = PBXBuildFile; fileRef = 70C2F42A1C611BCA00C345B2 /* UIImage+Yep.swift */; };
		70C2F42D1C611BF900C345B2 /* YepConfig.swift in Sources */ = {isa = PBXBuildFile; fileRef = 70C2F42C1C611BF900C345B2 /* YepConfig.swift */; };
		70C2F4301C611D1F00C345B2 /* Intro.storyboard in Resources */ = {isa = PBXBuildFile; fileRef = 70C2F42E1C611D1F00C345B2 /* Intro.storyboard */; };
		70C2F43B1C61BD2E00C345B2 /* ShowViewController.swift in Sources */ = {isa = PBXBuildFile; fileRef = 70C2F4361C61BD2E00C345B2 /* ShowViewController.swift */; };
		70C2F43D1C61BD5D00C345B2 /* EdgeBorderButton.swift in Sources */ = {isa = PBXBuildFile; fileRef = 70C2F43C1C61BD5D00C345B2 /* EdgeBorderButton.swift */; };
		70C2F4411C61BD9400C345B2 /* LoginByMobileViewController.swift in Sources */ = {isa = PBXBuildFile; fileRef = 70C2F43F1C61BD9400C345B2 /* LoginByMobileViewController.swift */; };
		70C2F4421C61BD9400C345B2 /* LoginPasswordViewController.swift in Sources */ = {isa = PBXBuildFile; fileRef = 70C2F4401C61BD9400C345B2 /* LoginPasswordViewController.swift */; };
		70C2F4451C61C44C00C345B2 /* WelcomeViewController.swift in Sources */ = {isa = PBXBuildFile; fileRef = 70C2F4441C61C44C00C345B2 /* WelcomeViewController.swift */; };
		70C2F4481C61C4AE00C345B2 /* Show.storyboard in Resources */ = {isa = PBXBuildFile; fileRef = 70C2F4461C61C4AE00C345B2 /* Show.storyboard */; };
		70C2F44A1C61C61D00C345B2 /* Show.xcassets in Resources */ = {isa = PBXBuildFile; fileRef = 70C2F4491C61C61D00C345B2 /* Show.xcassets */; };
		70FB48DE1C71122D0023FBC3 /* UITableView+FDIndexPathHeightCache.m in Sources */ = {isa = PBXBuildFile; fileRef = 70FB48D71C71122D0023FBC3 /* UITableView+FDIndexPathHeightCache.m */; };
		70FB48DF1C71122D0023FBC3 /* UITableView+FDKeyedHeightCache.m in Sources */ = {isa = PBXBuildFile; fileRef = 70FB48D91C71122D0023FBC3 /* UITableView+FDKeyedHeightCache.m */; };
		70FB48E01C71122D0023FBC3 /* UITableView+FDTemplateLayoutCell.m in Sources */ = {isa = PBXBuildFile; fileRef = 70FB48DB1C71122D0023FBC3 /* UITableView+FDTemplateLayoutCell.m */; };
		70FB48E11C71122D0023FBC3 /* UITableView+FDTemplateLayoutCellDebug.m in Sources */ = {isa = PBXBuildFile; fileRef = 70FB48DD1C71122D0023FBC3 /* UITableView+FDTemplateLayoutCellDebug.m */; };
		70FB48F21C71C9FF0023FBC3 /* CircleView.swift in Sources */ = {isa = PBXBuildFile; fileRef = 70FB48EE1C71C9FF0023FBC3 /* CircleView.swift */; };
		70FB48F31C71C9FF0023FBC3 /* CircleView.xib in Resources */ = {isa = PBXBuildFile; fileRef = 70FB48EF1C71C9FF0023FBC3 /* CircleView.xib */; };
		70FB48F41C71C9FF0023FBC3 /* OptionsButton.swift in Sources */ = {isa = PBXBuildFile; fileRef = 70FB48F01C71C9FF0023FBC3 /* OptionsButton.swift */; };
		70FB48F51C71C9FF0023FBC3 /* OptionsButton.xib in Resources */ = {isa = PBXBuildFile; fileRef = 70FB48F11C71C9FF0023FBC3 /* OptionsButton.xib */; };
		70FB48F81C721DF30023FBC3 /* PostActionView.swift in Sources */ = {isa = PBXBuildFile; fileRef = 70FB48F71C721DF30023FBC3 /* PostActionView.swift */; };
		70FB48FA1C721E180023FBC3 /* PostActionView.xib in Resources */ = {isa = PBXBuildFile; fileRef = 70FB48F91C721E180023FBC3 /* PostActionView.xib */; };
		70FB48FD1C7646390023FBC3 /* TabBar.swift in Sources */ = {isa = PBXBuildFile; fileRef = 70FB48FC1C7646390023FBC3 /* TabBar.swift */; };
		70FB49051C7655590023FBC3 /* TabBarButton.swift in Sources */ = {isa = PBXBuildFile; fileRef = 70FB49031C7655590023FBC3 /* TabBarButton.swift */; };
		70FB49061C7655590023FBC3 /* TabBarButton.xib in Resources */ = {isa = PBXBuildFile; fileRef = 70FB49041C7655590023FBC3 /* TabBarButton.xib */; };
		70FB49091C7791010023FBC3 /* PostsNavigationBarView.swift in Sources */ = {isa = PBXBuildFile; fileRef = 70FB49081C7791010023FBC3 /* PostsNavigationBarView.swift */; };
		70FB490B1C77911C0023FBC3 /* PostsNavigationBarView.xib in Resources */ = {isa = PBXBuildFile; fileRef = 70FB490A1C77911C0023FBC3 /* PostsNavigationBarView.xib */; };
		70FB490E1C7878440023FBC3 /* CommentViewController.swift in Sources */ = {isa = PBXBuildFile; fileRef = 70FB490D1C7878440023FBC3 /* CommentViewController.swift */; };
		70FB49141C78787A0023FBC3 /* Comment.storyboard in Resources */ = {isa = PBXBuildFile; fileRef = 70FB49131C78787A0023FBC3 /* Comment.storyboard */; };
		70FB491D1C788E2B0023FBC3 /* UITextView+Placeholder.m in Sources */ = {isa = PBXBuildFile; fileRef = 70FB491C1C788E2B0023FBC3 /* UITextView+Placeholder.m */; };
		70FB49211C78AB2F0023FBC3 /* CommentSelectionCell.swift in Sources */ = {isa = PBXBuildFile; fileRef = 70FB491F1C78AB2F0023FBC3 /* CommentSelectionCell.swift */; };
		70FB49221C78AB2F0023FBC3 /* CommentSelectionCell.xib in Resources */ = {isa = PBXBuildFile; fileRef = 70FB49201C78AB2F0023FBC3 /* CommentSelectionCell.xib */; };
		8FD99436B8756C70400E3D38 /* Pods_WeImg.framework in Frameworks */ = {isa = PBXBuildFile; fileRef = 527C54C41326CCAC54767B52 /* Pods_WeImg.framework */; };
/* End PBXBuildFile section */

/* Begin PBXContainerItemProxy section */
		706A00321C5A297300A8D7B4 /* PBXContainerItemProxy */ = {
			isa = PBXContainerItemProxy;
			containerPortal = 706A00131C5A297300A8D7B4 /* Project object */;
			proxyType = 1;
			remoteGlobalIDString = 706A001A1C5A297300A8D7B4;
			remoteInfo = WeImg;
		};
/* End PBXContainerItemProxy section */

/* Begin PBXFileReference section */
		256BB710AFCAA4E8AF7D684E /* Pods-WeImg.debug.xcconfig */ = {isa = PBXFileReference; includeInIndex = 1; lastKnownFileType = text.xcconfig; name = "Pods-WeImg.debug.xcconfig"; path = "Pods/Target Support Files/Pods-WeImg/Pods-WeImg.debug.xcconfig"; sourceTree = "<group>"; };
		423C752F3464F8065CF2BBAC /* Pods-WeImg.release.xcconfig */ = {isa = PBXFileReference; includeInIndex = 1; lastKnownFileType = text.xcconfig; name = "Pods-WeImg.release.xcconfig"; path = "Pods/Target Support Files/Pods-WeImg/Pods-WeImg.release.xcconfig"; sourceTree = "<group>"; };
		527C54C41326CCAC54767B52 /* Pods_WeImg.framework */ = {isa = PBXFileReference; explicitFileType = wrapper.framework; includeInIndex = 0; path = Pods_WeImg.framework; sourceTree = BUILT_PRODUCTS_DIR; };
		700B1A891C7B6DA00012C5A4 /* VoteItem.swift */ = {isa = PBXFileReference; fileEncoding = 4; lastKnownFileType = sourcecode.swift; path = VoteItem.swift; sourceTree = "<group>"; };
		701C38601CA74DB00066A365 /* AddImageCell.swift */ = {isa = PBXFileReference; fileEncoding = 4; lastKnownFileType = sourcecode.swift; path = AddImageCell.swift; sourceTree = "<group>"; };
		701C38641CA7558C0066A365 /* AddButton.swift */ = {isa = PBXFileReference; fileEncoding = 4; lastKnownFileType = sourcecode.swift; path = AddButton.swift; sourceTree = "<group>"; };
		701C38661CA7559B0066A365 /* AddButton.xib */ = {isa = PBXFileReference; fileEncoding = 4; lastKnownFileType = file.xib; path = AddButton.xib; sourceTree = "<group>"; };
		70629B161C61EFC000865921 /* zh-Hans */ = {isa = PBXFileReference; lastKnownFileType = text.plist.strings; name = "zh-Hans"; path = "zh-Hans.lproj/Localizable.strings"; sourceTree = "<group>"; };
		70629B171C61EFD900865921 /* en */ = {isa = PBXFileReference; lastKnownFileType = text.plist.strings; name = en; path = en.lproj/Localizable.strings; sourceTree = "<group>"; };
		70696DAE1C6F103D0038DB83 /* PostOutlineCell.swift */ = {isa = PBXFileReference; fileEncoding = 4; lastKnownFileType = sourcecode.swift; path = PostOutlineCell.swift; sourceTree = "<group>"; };
		70696DAF1C6F103D0038DB83 /* PostOutlineCell.xib */ = {isa = PBXFileReference; fileEncoding = 4; lastKnownFileType = file.xib; path = PostOutlineCell.xib; sourceTree = "<group>"; };
		70696DB21C6F7AB90038DB83 /* Posts.storyboard */ = {isa = PBXFileReference; fileEncoding = 4; lastKnownFileType = file.storyboard; path = Posts.storyboard; sourceTree = "<group>"; };
		70696DB41C70C67E0038DB83 /* CustomDateTransform.swift */ = {isa = PBXFileReference; fileEncoding = 4; lastKnownFileType = sourcecode.swift; path = CustomDateTransform.swift; sourceTree = "<group>"; };
		706A001B1C5A297300A8D7B4 /* 微图.app */ = {isa = PBXFileReference; explicitFileType = wrapper.application; includeInIndex = 0; path = "微图.app"; sourceTree = BUILT_PRODUCTS_DIR; };
		706A001E1C5A297300A8D7B4 /* AppDelegate.swift */ = {isa = PBXFileReference; lastKnownFileType = sourcecode.swift; path = AppDelegate.swift; sourceTree = "<group>"; };
		706A00251C5A297300A8D7B4 /* Base */ = {isa = PBXFileReference; lastKnownFileType = file.storyboard; name = Base; path = Base.lproj/Main.storyboard; sourceTree = "<group>"; };
		706A00271C5A297300A8D7B4 /* Images.xcassets */ = {isa = PBXFileReference; lastKnownFileType = folder.assetcatalog; path = Images.xcassets; sourceTree = "<group>"; };
		706A002A1C5A297300A8D7B4 /* Base */ = {isa = PBXFileReference; lastKnownFileType = file.storyboard; name = Base; path = Base.lproj/LaunchScreen.storyboard; sourceTree = "<group>"; };
		706A002C1C5A297300A8D7B4 /* Info.plist */ = {isa = PBXFileReference; lastKnownFileType = text.plist.xml; path = Info.plist; sourceTree = "<group>"; };
		706A00311C5A297300A8D7B4 /* WeImgTests.xctest */ = {isa = PBXFileReference; explicitFileType = wrapper.cfbundle; includeInIndex = 0; path = WeImgTests.xctest; sourceTree = BUILT_PRODUCTS_DIR; };
		706A00351C5A297300A8D7B4 /* WeImgTests.swift */ = {isa = PBXFileReference; lastKnownFileType = sourcecode.swift; path = WeImgTests.swift; sourceTree = "<group>"; };
		706A00371C5A297300A8D7B4 /* Info.plist */ = {isa = PBXFileReference; lastKnownFileType = text.plist.xml; path = Info.plist; sourceTree = "<group>"; };
		706BD6771C626C8900A277D7 /* RegisterPickPasswordViewController.swift */ = {isa = PBXFileReference; fileEncoding = 4; lastKnownFileType = sourcecode.swift; path = RegisterPickPasswordViewController.swift; sourceTree = "<group>"; };
		706BD67A1C63019B00A277D7 /* Settings.storyboard */ = {isa = PBXFileReference; fileEncoding = 4; lastKnownFileType = file.storyboard; path = Settings.storyboard; sourceTree = "<group>"; };
		706BD67B1C63019B00A277D7 /* SettingsViewController.swift */ = {isa = PBXFileReference; fileEncoding = 4; lastKnownFileType = sourcecode.swift; path = SettingsViewController.swift; sourceTree = "<group>"; };
		706BD6801C63022700A277D7 /* SettingsUserCell.swift */ = {isa = PBXFileReference; fileEncoding = 4; lastKnownFileType = sourcecode.swift; path = SettingsUserCell.swift; sourceTree = "<group>"; };
		706BD6811C63022700A277D7 /* SettingsUserCell.xib */ = {isa = PBXFileReference; fileEncoding = 4; lastKnownFileType = file.xib; path = SettingsUserCell.xib; sourceTree = "<group>"; };
		706BD6851C63025B00A277D7 /* SettingsMoreCell.swift */ = {isa = PBXFileReference; fileEncoding = 4; lastKnownFileType = sourcecode.swift; path = SettingsMoreCell.swift; sourceTree = "<group>"; };
		706BD6861C63025B00A277D7 /* SettingsMoreCell.xib */ = {isa = PBXFileReference; fileEncoding = 4; lastKnownFileType = file.xib; path = SettingsMoreCell.xib; sourceTree = "<group>"; };
		706BD68A1C63030400A277D7 /* About.storyboard */ = {isa = PBXFileReference; fileEncoding = 4; lastKnownFileType = file.storyboard; path = About.storyboard; sourceTree = "<group>"; };
		706BD68B1C63030400A277D7 /* AboutViewController.swift */ = {isa = PBXFileReference; fileEncoding = 4; lastKnownFileType = sourcecode.swift; path = AboutViewController.swift; sourceTree = "<group>"; };
		706BD6941C63039C00A277D7 /* EditProfile.storyboard */ = {isa = PBXFileReference; fileEncoding = 4; lastKnownFileType = file.storyboard; path = EditProfile.storyboard; sourceTree = "<group>"; };
		706BD6951C63039C00A277D7 /* EditProfileViewController.swift */ = {isa = PBXFileReference; fileEncoding = 4; lastKnownFileType = sourcecode.swift; path = EditProfileViewController.swift; sourceTree = "<group>"; };
		706BD6991C63581200A277D7 /* HorizontalLineView.swift */ = {isa = PBXFileReference; fileEncoding = 4; lastKnownFileType = sourcecode.swift; path = HorizontalLineView.swift; sourceTree = "<group>"; };
		706BD69B1C63588700A277D7 /* NSBundle+Yep.swift */ = {isa = PBXFileReference; fileEncoding = 4; lastKnownFileType = sourcecode.swift; path = "NSBundle+Yep.swift"; sourceTree = "<group>"; };
		706BD69E1C6358C300A277D7 /* EditProfileColoredTitleCell.swift */ = {isa = PBXFileReference; fileEncoding = 4; lastKnownFileType = sourcecode.swift; path = EditProfileColoredTitleCell.swift; sourceTree = "<group>"; };
		706BD69F1C6358C300A277D7 /* EditProfileColoredTitleCell.xib */ = {isa = PBXFileReference; fileEncoding = 4; lastKnownFileType = file.xib; path = EditProfileColoredTitleCell.xib; sourceTree = "<group>"; };
		706BD6A11C6358C300A277D7 /* EditProfileLessInfoCell.swift */ = {isa = PBXFileReference; fileEncoding = 4; lastKnownFileType = sourcecode.swift; path = EditProfileLessInfoCell.swift; sourceTree = "<group>"; };
		706BD6A21C6358C300A277D7 /* EditProfileLessInfoCell.xib */ = {isa = PBXFileReference; fileEncoding = 4; lastKnownFileType = file.xib; path = EditProfileLessInfoCell.xib; sourceTree = "<group>"; };
		706BD6AD1C636BA800A277D7 /* AboutCell.swift */ = {isa = PBXFileReference; fileEncoding = 4; lastKnownFileType = sourcecode.swift; path = AboutCell.swift; sourceTree = "<group>"; };
		706BD6AE1C636BA800A277D7 /* AboutCell.xib */ = {isa = PBXFileReference; fileEncoding = 4; lastKnownFileType = file.xib; path = AboutCell.xib; sourceTree = "<group>"; };
		706BD6B11C636D0300A277D7 /* YepLog.swift */ = {isa = PBXFileReference; fileEncoding = 4; lastKnownFileType = sourcecode.swift; path = YepLog.swift; sourceTree = "<group>"; };
		706BD6D91C63A0B500A277D7 /* DiscoveredUser.swift */ = {isa = PBXFileReference; fileEncoding = 4; lastKnownFileType = sourcecode.swift; path = DiscoveredUser.swift; sourceTree = "<group>"; };
		706BD6E11C63B01B00A277D7 /* WeChatActivity.swift */ = {isa = PBXFileReference; fileEncoding = 4; lastKnownFileType = sourcecode.swift; path = WeChatActivity.swift; sourceTree = "<group>"; };
		706BD6E31C63B4F500A277D7 /* PlainAvatar.swift */ = {isa = PBXFileReference; fileEncoding = 4; lastKnownFileType = sourcecode.swift; path = PlainAvatar.swift; sourceTree = "<group>"; };
		706BD6E51C63BA7300A277D7 /* AvatarStyles.swift */ = {isa = PBXFileReference; fileEncoding = 4; lastKnownFileType = sourcecode.swift; path = AvatarStyles.swift; sourceTree = "<group>"; };
		706BD6E81C63C20D00A277D7 /* YepNavigationController.swift */ = {isa = PBXFileReference; fileEncoding = 4; lastKnownFileType = sourcecode.swift; path = YepNavigationController.swift; sourceTree = "<group>"; };
		706BD6EA1C64DF8D00A277D7 /* Models.swift */ = {isa = PBXFileReference; fileEncoding = 4; lastKnownFileType = sourcecode.swift; path = Models.swift; sourceTree = "<group>"; };
		706BD6EC1C64E78B00A277D7 /* NSFileManager+Yep.swift */ = {isa = PBXFileReference; fileEncoding = 4; lastKnownFileType = sourcecode.swift; path = "NSFileManager+Yep.swift"; sourceTree = "<group>"; };
		706BD6EE1C64EA9E00A277D7 /* Avatar.swift */ = {isa = PBXFileReference; fileEncoding = 4; lastKnownFileType = sourcecode.swift; path = Avatar.swift; sourceTree = "<group>"; };
		706BD6F01C65291500A277D7 /* EmptyObject.swift */ = {isa = PBXFileReference; fileEncoding = 4; lastKnownFileType = sourcecode.swift; path = EmptyObject.swift; sourceTree = "<group>"; };
		706BD6F31C66400F00A277D7 /* CHTCollectionViewWaterfallLayout.swift */ = {isa = PBXFileReference; fileEncoding = 4; lastKnownFileType = sourcecode.swift; path = CHTCollectionViewWaterfallLayout.swift; sourceTree = "<group>"; };
		706BD7041C66558E00A277D7 /* PostsViewController.swift */ = {isa = PBXFileReference; fileEncoding = 4; lastKnownFileType = sourcecode.swift; path = PostsViewController.swift; sourceTree = "<group>"; };
		706BD7091C67350200A277D7 /* Image.swift */ = {isa = PBXFileReference; fileEncoding = 4; lastKnownFileType = sourcecode.swift; path = Image.swift; sourceTree = "<group>"; };
		706BD70C1C67C04400A277D7 /* NewPostViewController.swift */ = {isa = PBXFileReference; fileEncoding = 4; lastKnownFileType = sourcecode.swift; path = NewPostViewController.swift; sourceTree = "<group>"; };
		706BD70F1C67C1DD00A277D7 /* PickImageViewController.swift */ = {isa = PBXFileReference; fileEncoding = 4; lastKnownFileType = sourcecode.swift; path = PickImageViewController.swift; sourceTree = "<group>"; };
		706BD7111C67C26300A277D7 /* PickImage.storyboard */ = {isa = PBXFileReference; fileEncoding = 4; lastKnownFileType = file.storyboard; path = PickImage.storyboard; sourceTree = "<group>"; };
		706BD7131C67C8A600A277D7 /* NewPost.storyboard */ = {isa = PBXFileReference; fileEncoding = 4; lastKnownFileType = file.storyboard; path = NewPost.storyboard; sourceTree = "<group>"; };
		706BD7171C67CDA700A277D7 /* EditImageCell.xib */ = {isa = PBXFileReference; fileEncoding = 4; lastKnownFileType = file.xib; path = EditImageCell.xib; sourceTree = "<group>"; };
		706BD7191C67CDBD00A277D7 /* EditImageCell.swift */ = {isa = PBXFileReference; fileEncoding = 4; lastKnownFileType = sourcecode.swift; path = EditImageCell.swift; sourceTree = "<group>"; };
		706BD71B1C67D40600A277D7 /* AddImageCell.xib */ = {isa = PBXFileReference; fileEncoding = 4; lastKnownFileType = file.xib; path = AddImageCell.xib; sourceTree = "<group>"; };
		707650BE1C686EEF000B3556 /* ImageItem.swift */ = {isa = PBXFileReference; fileEncoding = 4; lastKnownFileType = sourcecode.swift; path = ImageItem.swift; sourceTree = "<group>"; };
		707650C11C69F2C6000B3556 /* PostDetailViewController.swift */ = {isa = PBXFileReference; fileEncoding = 4; lastKnownFileType = sourcecode.swift; path = PostDetailViewController.swift; sourceTree = "<group>"; };
		707650C31C69F320000B3556 /* PostDetail.storyboard */ = {isa = PBXFileReference; fileEncoding = 4; lastKnownFileType = file.storyboard; path = PostDetail.storyboard; sourceTree = "<group>"; };
		707650C61C69F915000B3556 /* PostTitleView.xib */ = {isa = PBXFileReference; fileEncoding = 4; lastKnownFileType = file.xib; path = PostTitleView.xib; sourceTree = "<group>"; };
		707650C81C69F926000B3556 /* PostTitleView.swift */ = {isa = PBXFileReference; fileEncoding = 4; lastKnownFileType = sourcecode.swift; path = PostTitleView.swift; sourceTree = "<group>"; };
		707650CB1C6A15A4000B3556 /* PostImageCell.xib */ = {isa = PBXFileReference; fileEncoding = 4; lastKnownFileType = file.xib; path = PostImageCell.xib; sourceTree = "<group>"; };
		707650CD1C6A15B8000B3556 /* PostImageCell.swift */ = {isa = PBXFileReference; fileEncoding = 4; lastKnownFileType = sourcecode.swift; path = PostImageCell.swift; sourceTree = "<group>"; };
		707650CF1C6D00AA000B3556 /* Comment.swift */ = {isa = PBXFileReference; fileEncoding = 4; lastKnownFileType = sourcecode.swift; path = Comment.swift; sourceTree = "<group>"; };
		707650D11C6D01B5000B3556 /* CommentManager.swift */ = {isa = PBXFileReference; fileEncoding = 4; lastKnownFileType = sourcecode.swift; path = CommentManager.swift; sourceTree = "<group>"; };
		707650D81C6D16EC000B3556 /* CommentCell.swift */ = {isa = PBXFileReference; fileEncoding = 4; lastKnownFileType = sourcecode.swift; path = CommentCell.swift; sourceTree = "<group>"; };
		707650D91C6D16EC000B3556 /* CommentCell.xib */ = {isa = PBXFileReference; fileEncoding = 4; lastKnownFileType = file.xib; path = CommentCell.xib; sourceTree = "<group>"; };
		707650DD1C6D95F7000B3556 /* CommentHeader.swift */ = {isa = PBXFileReference; fileEncoding = 4; lastKnownFileType = sourcecode.swift; path = CommentHeader.swift; sourceTree = "<group>"; };
		707650DE1C6D95F7000B3556 /* CommentHeader.xib */ = {isa = PBXFileReference; fileEncoding = 4; lastKnownFileType = file.xib; path = CommentHeader.xib; sourceTree = "<group>"; };
		707650E21C6E582A000B3556 /* YepTabBarController.swift */ = {isa = PBXFileReference; fileEncoding = 4; lastKnownFileType = sourcecode.swift; path = YepTabBarController.swift; sourceTree = "<group>"; };
		707650E41C6E590A000B3556 /* UIScrollView+Yep.swift */ = {isa = PBXFileReference; fileEncoding = 4; lastKnownFileType = sourcecode.swift; path = "UIScrollView+Yep.swift"; sourceTree = "<group>"; };
		707650EC1C6E68B8000B3556 /* EditUsername.storyboard */ = {isa = PBXFileReference; fileEncoding = 4; lastKnownFileType = file.storyboard; path = EditUsername.storyboard; sourceTree = "<group>"; };
		707650ED1C6E68B8000B3556 /* EditUsernameController.swift */ = {isa = PBXFileReference; fileEncoding = 4; lastKnownFileType = sourcecode.swift; path = EditUsernameController.swift; sourceTree = "<group>"; };
		70B7D2531CBE1D52007E270A /* CommentAccessoryView.swift */ = {isa = PBXFileReference; fileEncoding = 4; lastKnownFileType = sourcecode.swift; path = CommentAccessoryView.swift; sourceTree = "<group>"; };
		70B7D2541CBE1D52007E270A /* CommentAccessoryView.xib */ = {isa = PBXFileReference; fileEncoding = 4; lastKnownFileType = file.xib; path = CommentAccessoryView.xib; sourceTree = "<group>"; };
		70C2F35F1C5F5EE300C345B2 /* beauty.jpg */ = {isa = PBXFileReference; lastKnownFileType = image.jpeg; path = beauty.jpg; sourceTree = "<group>"; };
		70C2F3D31C60E68200C345B2 /* BaseViewController.swift */ = {isa = PBXFileReference; fileEncoding = 4; lastKnownFileType = sourcecode.swift; path = BaseViewController.swift; sourceTree = "<group>"; };
		70C2F3D71C60E68200C345B2 /* RegisterPickAvatarViewController.swift */ = {isa = PBXFileReference; fileEncoding = 4; lastKnownFileType = sourcecode.swift; path = RegisterPickAvatarViewController.swift; sourceTree = "<group>"; };
		70C2F3D81C60E68200C345B2 /* RegisterPickMobileViewController.swift */ = {isa = PBXFileReference; fileEncoding = 4; lastKnownFileType = sourcecode.swift; path = RegisterPickMobileViewController.swift; sourceTree = "<group>"; };
		70C2F3D91C60E68200C345B2 /* RegisterPickNameViewController.swift */ = {isa = PBXFileReference; fileEncoding = 4; lastKnownFileType = sourcecode.swift; path = RegisterPickNameViewController.swift; sourceTree = "<group>"; };
		70C2F3DA1C60E68200C345B2 /* RegisterVerifyMobileViewController.swift */ = {isa = PBXFileReference; fileEncoding = 4; lastKnownFileType = sourcecode.swift; path = RegisterVerifyMobileViewController.swift; sourceTree = "<group>"; };
		70C2F3E51C60E69900C345B2 /* BaseManager.swift */ = {isa = PBXFileReference; fileEncoding = 4; lastKnownFileType = sourcecode.swift; path = BaseManager.swift; sourceTree = "<group>"; };
		70C2F3E61C60E69900C345B2 /* HttpClient.swift */ = {isa = PBXFileReference; fileEncoding = 4; lastKnownFileType = sourcecode.swift; path = HttpClient.swift; sourceTree = "<group>"; };
		70C2F3E71C60E69900C345B2 /* ImageManager.swift */ = {isa = PBXFileReference; fileEncoding = 4; lastKnownFileType = sourcecode.swift; path = ImageManager.swift; sourceTree = "<group>"; };
		70C2F3E81C60E69900C345B2 /* PostManager.swift */ = {isa = PBXFileReference; fileEncoding = 4; lastKnownFileType = sourcecode.swift; path = PostManager.swift; sourceTree = "<group>"; };
		70C2F3E91C60E69900C345B2 /* UserManager.swift */ = {isa = PBXFileReference; fileEncoding = 4; lastKnownFileType = sourcecode.swift; path = UserManager.swift; sourceTree = "<group>"; };
		70C2F4031C60E6B500C345B2 /* Post.swift */ = {isa = PBXFileReference; fileEncoding = 4; lastKnownFileType = sourcecode.swift; path = Post.swift; sourceTree = "<group>"; };
		70C2F4041C60E6B500C345B2 /* UploadToken.swift */ = {isa = PBXFileReference; fileEncoding = 4; lastKnownFileType = sourcecode.swift; path = UploadToken.swift; sourceTree = "<group>"; };
		70C2F4051C60E6B500C345B2 /* User.swift */ = {isa = PBXFileReference; fileEncoding = 4; lastKnownFileType = sourcecode.swift; path = User.swift; sourceTree = "<group>"; };
		70C2F40B1C60E72C00C345B2 /* CameraPreviewView.swift */ = {isa = PBXFileReference; fileEncoding = 4; lastKnownFileType = sourcecode.swift; path = CameraPreviewView.swift; sourceTree = "<group>"; };
		70C2F40E1C60E76100C345B2 /* BorderButton.swift */ = {isa = PBXFileReference; fileEncoding = 4; lastKnownFileType = sourcecode.swift; path = BorderButton.swift; sourceTree = "<group>"; };
		70C2F4111C60E7E400C345B2 /* BorderTextField.swift */ = {isa = PBXFileReference; fileEncoding = 4; lastKnownFileType = sourcecode.swift; path = BorderTextField.swift; sourceTree = "<group>"; };
		70C2F4141C60EB5E00C345B2 /* CommonHelper.swift */ = {isa = PBXFileReference; fileEncoding = 4; lastKnownFileType = sourcecode.swift; path = CommonHelper.swift; sourceTree = "<group>"; };
		70C2F4171C60EC6E00C345B2 /* UIColor+WeImg.swift */ = {isa = PBXFileReference; fileEncoding = 4; lastKnownFileType = sourcecode.swift; path = "UIColor+WeImg.swift"; sourceTree = "<group>"; };
		70C2F4191C60EC9600C345B2 /* UIColor+Yep.swift */ = {isa = PBXFileReference; fileEncoding = 4; lastKnownFileType = sourcecode.swift; path = "UIColor+Yep.swift"; sourceTree = "<group>"; };
		70C2F41C1C60ECD600C345B2 /* NavigationTitleLabel.swift */ = {isa = PBXFileReference; fileEncoding = 4; lastKnownFileType = sourcecode.swift; path = NavigationTitleLabel.swift; sourceTree = "<group>"; };
		70C2F41E1C60ED0300C345B2 /* NSTimeZone+Yep.swift */ = {isa = PBXFileReference; fileEncoding = 4; lastKnownFileType = sourcecode.swift; path = "NSTimeZone+Yep.swift"; sourceTree = "<group>"; };
		70C2F4201C60ED4100C345B2 /* YepHUD.swift */ = {isa = PBXFileReference; fileEncoding = 4; lastKnownFileType = sourcecode.swift; path = YepHUD.swift; sourceTree = "<group>"; };
		70C2F4221C60ED7B00C345B2 /* UIViewController+Yep.swift */ = {isa = PBXFileReference; fileEncoding = 4; lastKnownFileType = sourcecode.swift; path = "UIViewController+Yep.swift"; sourceTree = "<group>"; };
		70C2F4241C60EDD400C345B2 /* String+Yep.swift */ = {isa = PBXFileReference; fileEncoding = 4; lastKnownFileType = sourcecode.swift; path = "String+Yep.swift"; sourceTree = "<group>"; };
		70C2F4261C611AE900C345B2 /* UIFont+Yep.swift */ = {isa = PBXFileReference; fileEncoding = 4; lastKnownFileType = sourcecode.swift; path = "UIFont+Yep.swift"; sourceTree = "<group>"; };
		70C2F4281C611B4E00C345B2 /* YepAlert.swift */ = {isa = PBXFileReference; fileEncoding = 4; lastKnownFileType = sourcecode.swift; path = YepAlert.swift; sourceTree = "<group>"; };
		70C2F42A1C611BCA00C345B2 /* UIImage+Yep.swift */ = {isa = PBXFileReference; fileEncoding = 4; lastKnownFileType = sourcecode.swift; path = "UIImage+Yep.swift"; sourceTree = "<group>"; };
		70C2F42C1C611BF900C345B2 /* YepConfig.swift */ = {isa = PBXFileReference; fileEncoding = 4; lastKnownFileType = sourcecode.swift; path = YepConfig.swift; sourceTree = "<group>"; };
		70C2F42F1C611D1F00C345B2 /* Base */ = {isa = PBXFileReference; lastKnownFileType = file.storyboard; name = Base; path = Base.lproj/Intro.storyboard; sourceTree = "<group>"; };
		70C2F4361C61BD2E00C345B2 /* ShowViewController.swift */ = {isa = PBXFileReference; fileEncoding = 4; lastKnownFileType = sourcecode.swift; path = ShowViewController.swift; sourceTree = "<group>"; };
		70C2F43C1C61BD5D00C345B2 /* EdgeBorderButton.swift */ = {isa = PBXFileReference; fileEncoding = 4; lastKnownFileType = sourcecode.swift; path = EdgeBorderButton.swift; sourceTree = "<group>"; };
		70C2F43F1C61BD9400C345B2 /* LoginByMobileViewController.swift */ = {isa = PBXFileReference; fileEncoding = 4; lastKnownFileType = sourcecode.swift; path = LoginByMobileViewController.swift; sourceTree = "<group>"; };
		70C2F4401C61BD9400C345B2 /* LoginPasswordViewController.swift */ = {isa = PBXFileReference; fileEncoding = 4; lastKnownFileType = sourcecode.swift; path = LoginPasswordViewController.swift; sourceTree = "<group>"; };
		70C2F4441C61C44C00C345B2 /* WelcomeViewController.swift */ = {isa = PBXFileReference; fileEncoding = 4; lastKnownFileType = sourcecode.swift; path = WelcomeViewController.swift; sourceTree = "<group>"; };
		70C2F4471C61C4AE00C345B2 /* Base */ = {isa = PBXFileReference; lastKnownFileType = file.storyboard; name = Base; path = Base.lproj/Show.storyboard; sourceTree = "<group>"; };
		70C2F4491C61C61D00C345B2 /* Show.xcassets */ = {isa = PBXFileReference; lastKnownFileType = folder.assetcatalog; path = Show.xcassets; sourceTree = "<group>"; };
		70FB48D01C710F1B0023FBC3 /* WeImg-Bridging-Header.h */ = {isa = PBXFileReference; lastKnownFileType = sourcecode.c.h; path = "WeImg-Bridging-Header.h"; sourceTree = "<group>"; };
		70FB48D61C71122D0023FBC3 /* UITableView+FDIndexPathHeightCache.h */ = {isa = PBXFileReference; fileEncoding = 4; lastKnownFileType = sourcecode.c.h; path = "UITableView+FDIndexPathHeightCache.h"; sourceTree = "<group>"; };
		70FB48D71C71122D0023FBC3 /* UITableView+FDIndexPathHeightCache.m */ = {isa = PBXFileReference; fileEncoding = 4; lastKnownFileType = sourcecode.c.objc; path = "UITableView+FDIndexPathHeightCache.m"; sourceTree = "<group>"; };
		70FB48D81C71122D0023FBC3 /* UITableView+FDKeyedHeightCache.h */ = {isa = PBXFileReference; fileEncoding = 4; lastKnownFileType = sourcecode.c.h; path = "UITableView+FDKeyedHeightCache.h"; sourceTree = "<group>"; };
		70FB48D91C71122D0023FBC3 /* UITableView+FDKeyedHeightCache.m */ = {isa = PBXFileReference; fileEncoding = 4; lastKnownFileType = sourcecode.c.objc; path = "UITableView+FDKeyedHeightCache.m"; sourceTree = "<group>"; };
		70FB48DA1C71122D0023FBC3 /* UITableView+FDTemplateLayoutCell.h */ = {isa = PBXFileReference; fileEncoding = 4; lastKnownFileType = sourcecode.c.h; path = "UITableView+FDTemplateLayoutCell.h"; sourceTree = "<group>"; };
		70FB48DB1C71122D0023FBC3 /* UITableView+FDTemplateLayoutCell.m */ = {isa = PBXFileReference; fileEncoding = 4; lastKnownFileType = sourcecode.c.objc; path = "UITableView+FDTemplateLayoutCell.m"; sourceTree = "<group>"; };
		70FB48DC1C71122D0023FBC3 /* UITableView+FDTemplateLayoutCellDebug.h */ = {isa = PBXFileReference; fileEncoding = 4; lastKnownFileType = sourcecode.c.h; path = "UITableView+FDTemplateLayoutCellDebug.h"; sourceTree = "<group>"; };
		70FB48DD1C71122D0023FBC3 /* UITableView+FDTemplateLayoutCellDebug.m */ = {isa = PBXFileReference; fileEncoding = 4; lastKnownFileType = sourcecode.c.objc; path = "UITableView+FDTemplateLayoutCellDebug.m"; sourceTree = "<group>"; };
		70FB48EE1C71C9FF0023FBC3 /* CircleView.swift */ = {isa = PBXFileReference; fileEncoding = 4; lastKnownFileType = sourcecode.swift; path = CircleView.swift; sourceTree = "<group>"; };
		70FB48EF1C71C9FF0023FBC3 /* CircleView.xib */ = {isa = PBXFileReference; fileEncoding = 4; lastKnownFileType = file.xib; path = CircleView.xib; sourceTree = "<group>"; };
		70FB48F01C71C9FF0023FBC3 /* OptionsButton.swift */ = {isa = PBXFileReference; fileEncoding = 4; lastKnownFileType = sourcecode.swift; path = OptionsButton.swift; sourceTree = "<group>"; };
		70FB48F11C71C9FF0023FBC3 /* OptionsButton.xib */ = {isa = PBXFileReference; fileEncoding = 4; lastKnownFileType = file.xib; path = OptionsButton.xib; sourceTree = "<group>"; };
		70FB48F71C721DF30023FBC3 /* PostActionView.swift */ = {isa = PBXFileReference; fileEncoding = 4; lastKnownFileType = sourcecode.swift; path = PostActionView.swift; sourceTree = "<group>"; };
		70FB48F91C721E180023FBC3 /* PostActionView.xib */ = {isa = PBXFileReference; fileEncoding = 4; lastKnownFileType = file.xib; path = PostActionView.xib; sourceTree = "<group>"; };
		70FB48FC1C7646390023FBC3 /* TabBar.swift */ = {isa = PBXFileReference; fileEncoding = 4; lastKnownFileType = sourcecode.swift; path = TabBar.swift; sourceTree = "<group>"; };
		70FB49031C7655590023FBC3 /* TabBarButton.swift */ = {isa = PBXFileReference; fileEncoding = 4; lastKnownFileType = sourcecode.swift; path = TabBarButton.swift; sourceTree = "<group>"; };
		70FB49041C7655590023FBC3 /* TabBarButton.xib */ = {isa = PBXFileReference; fileEncoding = 4; lastKnownFileType = file.xib; path = TabBarButton.xib; sourceTree = "<group>"; };
		70FB49081C7791010023FBC3 /* PostsNavigationBarView.swift */ = {isa = PBXFileReference; fileEncoding = 4; lastKnownFileType = sourcecode.swift; path = PostsNavigationBarView.swift; sourceTree = "<group>"; };
		70FB490A1C77911C0023FBC3 /* PostsNavigationBarView.xib */ = {isa = PBXFileReference; fileEncoding = 4; lastKnownFileType = file.xib; path = PostsNavigationBarView.xib; sourceTree = "<group>"; };
		70FB490D1C7878440023FBC3 /* CommentViewController.swift */ = {isa = PBXFileReference; fileEncoding = 4; lastKnownFileType = sourcecode.swift; path = CommentViewController.swift; sourceTree = "<group>"; };
		70FB49131C78787A0023FBC3 /* Comment.storyboard */ = {isa = PBXFileReference; fileEncoding = 4; lastKnownFileType = file.storyboard; path = Comment.storyboard; sourceTree = "<group>"; };
		70FB491B1C788E2B0023FBC3 /* UITextView+Placeholder.h */ = {isa = PBXFileReference; fileEncoding = 4; lastKnownFileType = sourcecode.c.h; path = "UITextView+Placeholder.h"; sourceTree = "<group>"; };
		70FB491C1C788E2B0023FBC3 /* UITextView+Placeholder.m */ = {isa = PBXFileReference; fileEncoding = 4; lastKnownFileType = sourcecode.c.objc; path = "UITextView+Placeholder.m"; sourceTree = "<group>"; };
		70FB491F1C78AB2F0023FBC3 /* CommentSelectionCell.swift */ = {isa = PBXFileReference; fileEncoding = 4; lastKnownFileType = sourcecode.swift; path = CommentSelectionCell.swift; sourceTree = "<group>"; };
		70FB49201C78AB2F0023FBC3 /* CommentSelectionCell.xib */ = {isa = PBXFileReference; fileEncoding = 4; lastKnownFileType = file.xib; path = CommentSelectionCell.xib; sourceTree = "<group>"; };
/* End PBXFileReference section */

/* Begin PBXFrameworksBuildPhase section */
		706A00181C5A297300A8D7B4 /* Frameworks */ = {
			isa = PBXFrameworksBuildPhase;
			buildActionMask = 2147483647;
			files = (
				8FD99436B8756C70400E3D38 /* Pods_WeImg.framework in Frameworks */,
			);
			runOnlyForDeploymentPostprocessing = 0;
		};
		706A002E1C5A297300A8D7B4 /* Frameworks */ = {
			isa = PBXFrameworksBuildPhase;
			buildActionMask = 2147483647;
			files = (
			);
			runOnlyForDeploymentPostprocessing = 0;
		};
/* End PBXFrameworksBuildPhase section */

/* Begin PBXGroup section */
		70696DAD1C6F10310038DB83 /* PostOutline */ = {
			isa = PBXGroup;
			children = (
				70696DAE1C6F103D0038DB83 /* PostOutlineCell.swift */,
				70696DAF1C6F103D0038DB83 /* PostOutlineCell.xib */,
			);
			path = PostOutline;
			sourceTree = "<group>";
		};
		706A00121C5A297300A8D7B4 = {
			isa = PBXGroup;
			children = (
				706A001D1C5A297300A8D7B4 /* WeImg */,
				706A00341C5A297300A8D7B4 /* WeImgTests */,
				706A001C1C5A297300A8D7B4 /* Products */,
				DB40785DB5ECC51595966755 /* Pods */,
				8DC6AB465A73753D8A544447 /* Frameworks */,
			);
			sourceTree = "<group>";
		};
		706A001C1C5A297300A8D7B4 /* Products */ = {
			isa = PBXGroup;
			children = (
				706A001B1C5A297300A8D7B4 /* 微图.app */,
				706A00311C5A297300A8D7B4 /* WeImgTests.xctest */,
			);
			name = Products;
			sourceTree = "<group>";
		};
		706A001D1C5A297300A8D7B4 /* WeImg */ = {
			isa = PBXGroup;
			children = (
				70FB48D41C7111FD0023FBC3 /* Vendors */,
				706BD6E01C63B01B00A277D7 /* Activities */,
				70C2F4161C60EBBB00C345B2 /* Extensions */,
				70C2F4131C60EB2700C345B2 /* Helpers */,
				70C2F4021C60E6B500C345B2 /* Models */,
				70C2F4061C60E6B500C345B2 /* Views */,
				70C2F3E41C60E69900C345B2 /* Managers */,
				70C2F3D11C60E68200C345B2 /* ViewControllers */,
				706A001E1C5A297300A8D7B4 /* AppDelegate.swift */,
				706A00241C5A297300A8D7B4 /* Main.storyboard */,
				70C2F4461C61C4AE00C345B2 /* Show.storyboard */,
				70C2F42E1C611D1F00C345B2 /* Intro.storyboard */,
				70C2F4491C61C61D00C345B2 /* Show.xcassets */,
				706A00271C5A297300A8D7B4 /* Images.xcassets */,
				706A00291C5A297300A8D7B4 /* LaunchScreen.storyboard */,
				706A002C1C5A297300A8D7B4 /* Info.plist */,
				70629B141C61EF7500865921 /* Localizable.strings */,
				70FB48D01C710F1B0023FBC3 /* WeImg-Bridging-Header.h */,
			);
			path = WeImg;
			sourceTree = "<group>";
		};
		706A00341C5A297300A8D7B4 /* WeImgTests */ = {
			isa = PBXGroup;
			children = (
				70C2F35F1C5F5EE300C345B2 /* beauty.jpg */,
				706A00351C5A297300A8D7B4 /* WeImgTests.swift */,
				706A00371C5A297300A8D7B4 /* Info.plist */,
			);
			path = WeImgTests;
			sourceTree = "<group>";
		};
		706BD6791C63019B00A277D7 /* Settings */ = {
			isa = PBXGroup;
			children = (
				706BD67A1C63019B00A277D7 /* Settings.storyboard */,
				706BD67B1C63019B00A277D7 /* SettingsViewController.swift */,
			);
			path = Settings;
			sourceTree = "<group>";
		};
		706BD67E1C63022700A277D7 /* Cells */ = {
			isa = PBXGroup;
			children = (
				70696DAD1C6F10310038DB83 /* PostOutline */,
				70FB491E1C78AB140023FBC3 /* CommentSelection */,
				707650DC1C6D95CC000B3556 /* CommentHeader */,
				707650D31C6D1694000B3556 /* Comment */,
				707650CA1C6A157D000B3556 /* PostImage */,
				707650C51C69F81A000B3556 /* PostTitle */,
				706BD6AC1C636BA800A277D7 /* About */,
				706BD69D1C6358C300A277D7 /* EditProfileColoredTitle */,
				706BD6A01C6358C300A277D7 /* EditProfileLessInfo */,
				706BD6841C63025B00A277D7 /* SettingsMore */,
				706BD67F1C63022700A277D7 /* SettingsUser */,
			);
			path = Cells;
			sourceTree = "<group>";
		};
		706BD67F1C63022700A277D7 /* SettingsUser */ = {
			isa = PBXGroup;
			children = (
				706BD6801C63022700A277D7 /* SettingsUserCell.swift */,
				706BD6811C63022700A277D7 /* SettingsUserCell.xib */,
			);
			path = SettingsUser;
			sourceTree = "<group>";
		};
		706BD6841C63025B00A277D7 /* SettingsMore */ = {
			isa = PBXGroup;
			children = (
				706BD6851C63025B00A277D7 /* SettingsMoreCell.swift */,
				706BD6861C63025B00A277D7 /* SettingsMoreCell.xib */,
			);
			path = SettingsMore;
			sourceTree = "<group>";
		};
		706BD6891C63030400A277D7 /* About */ = {
			isa = PBXGroup;
			children = (
				706BD68A1C63030400A277D7 /* About.storyboard */,
				706BD68B1C63030400A277D7 /* AboutViewController.swift */,
			);
			path = About;
			sourceTree = "<group>";
		};
		706BD6931C63039C00A277D7 /* EditProfile */ = {
			isa = PBXGroup;
			children = (
				706BD6941C63039C00A277D7 /* EditProfile.storyboard */,
				706BD6951C63039C00A277D7 /* EditProfileViewController.swift */,
			);
			path = EditProfile;
			sourceTree = "<group>";
		};
		706BD6981C63581200A277D7 /* HorizontalLine */ = {
			isa = PBXGroup;
			children = (
				706BD6991C63581200A277D7 /* HorizontalLineView.swift */,
			);
			path = HorizontalLine;
			sourceTree = "<group>";
		};
		706BD69D1C6358C300A277D7 /* EditProfileColoredTitle */ = {
			isa = PBXGroup;
			children = (
				706BD69E1C6358C300A277D7 /* EditProfileColoredTitleCell.swift */,
				706BD69F1C6358C300A277D7 /* EditProfileColoredTitleCell.xib */,
			);
			path = EditProfileColoredTitle;
			sourceTree = "<group>";
		};
		706BD6A01C6358C300A277D7 /* EditProfileLessInfo */ = {
			isa = PBXGroup;
			children = (
				706BD6A11C6358C300A277D7 /* EditProfileLessInfoCell.swift */,
				706BD6A21C6358C300A277D7 /* EditProfileLessInfoCell.xib */,
			);
			path = EditProfileLessInfo;
			sourceTree = "<group>";
		};
		706BD6AC1C636BA800A277D7 /* About */ = {
			isa = PBXGroup;
			children = (
				706BD6AD1C636BA800A277D7 /* AboutCell.swift */,
				706BD6AE1C636BA800A277D7 /* AboutCell.xib */,
			);
			path = About;
			sourceTree = "<group>";
		};
		706BD6E01C63B01B00A277D7 /* Activities */ = {
			isa = PBXGroup;
			children = (
				706BD6E11C63B01B00A277D7 /* WeChatActivity.swift */,
			);
			path = Activities;
			sourceTree = "<group>";
		};
		706BD6E71C63C20D00A277D7 /* Nav */ = {
			isa = PBXGroup;
			children = (
				706BD6E81C63C20D00A277D7 /* YepNavigationController.swift */,
			);
			path = Nav;
			sourceTree = "<group>";
		};
		706BD6F21C66400F00A277D7 /* WaterFallLayout */ = {
			isa = PBXGroup;
			children = (
				706BD6F31C66400F00A277D7 /* CHTCollectionViewWaterfallLayout.swift */,
			);
			path = WaterFallLayout;
			sourceTree = "<group>";
		};
		706BD7001C66558E00A277D7 /* Posts */ = {
			isa = PBXGroup;
			children = (
				706BD7041C66558E00A277D7 /* PostsViewController.swift */,
				70696DB21C6F7AB90038DB83 /* Posts.storyboard */,
			);
			path = Posts;
			sourceTree = "<group>";
		};
		706BD70B1C67BB5700A277D7 /* NewPost */ = {
			isa = PBXGroup;
			children = (
				706BD70C1C67C04400A277D7 /* NewPostViewController.swift */,
				706BD7131C67C8A600A277D7 /* NewPost.storyboard */,
			);
			path = NewPost;
			sourceTree = "<group>";
		};
		706BD70E1C67C1D200A277D7 /* PickImage */ = {
			isa = PBXGroup;
			children = (
				706BD70F1C67C1DD00A277D7 /* PickImageViewController.swift */,
				706BD7111C67C26300A277D7 /* PickImage.storyboard */,
			);
			path = PickImage;
			sourceTree = "<group>";
		};
		706BD7161C67CD8600A277D7 /* EditImage */ = {
			isa = PBXGroup;
			children = (
				706BD7191C67CDBD00A277D7 /* EditImageCell.swift */,
				706BD7171C67CDA700A277D7 /* EditImageCell.xib */,
				701C38601CA74DB00066A365 /* AddImageCell.swift */,
				706BD71B1C67D40600A277D7 /* AddImageCell.xib */,
			);
			name = EditImage;
			path = ../EditImage;
			sourceTree = "<group>";
		};
		707650C01C69F2B0000B3556 /* PostDetail */ = {
			isa = PBXGroup;
			children = (
				707650C11C69F2C6000B3556 /* PostDetailViewController.swift */,
				707650C31C69F320000B3556 /* PostDetail.storyboard */,
			);
			path = PostDetail;
			sourceTree = "<group>";
		};
		707650C51C69F81A000B3556 /* PostTitle */ = {
			isa = PBXGroup;
			children = (
				707650C61C69F915000B3556 /* PostTitleView.xib */,
				707650C81C69F926000B3556 /* PostTitleView.swift */,
				706BD7161C67CD8600A277D7 /* EditImage */,
			);
			path = PostTitle;
			sourceTree = "<group>";
		};
		707650CA1C6A157D000B3556 /* PostImage */ = {
			isa = PBXGroup;
			children = (
				707650CB1C6A15A4000B3556 /* PostImageCell.xib */,
				707650CD1C6A15B8000B3556 /* PostImageCell.swift */,
			);
			path = PostImage;
			sourceTree = "<group>";
		};
		707650D31C6D1694000B3556 /* Comment */ = {
			isa = PBXGroup;
			children = (
				707650D81C6D16EC000B3556 /* CommentCell.swift */,
				707650D91C6D16EC000B3556 /* CommentCell.xib */,
			);
			path = Comment;
			sourceTree = "<group>";
		};
		707650DC1C6D95CC000B3556 /* CommentHeader */ = {
			isa = PBXGroup;
			children = (
				707650DD1C6D95F7000B3556 /* CommentHeader.swift */,
				707650DE1C6D95F7000B3556 /* CommentHeader.xib */,
			);
			path = CommentHeader;
			sourceTree = "<group>";
		};
		707650E11C6E582A000B3556 /* TabBar */ = {
			isa = PBXGroup;
			children = (
				707650E21C6E582A000B3556 /* YepTabBarController.swift */,
			);
			path = TabBar;
			sourceTree = "<group>";
		};
		707650EB1C6E68B8000B3556 /* EditUsernmae */ = {
			isa = PBXGroup;
			children = (
				707650EC1C6E68B8000B3556 /* EditUsername.storyboard */,
				707650ED1C6E68B8000B3556 /* EditUsernameController.swift */,
			);
			path = EditUsernmae;
			sourceTree = "<group>";
		};
		70B7D2521CBE1D52007E270A /* CommentAccessoryView */ = {
			isa = PBXGroup;
			children = (
				70B7D2531CBE1D52007E270A /* CommentAccessoryView.swift */,
				70B7D2541CBE1D52007E270A /* CommentAccessoryView.xib */,
			);
			path = CommentAccessoryView;
			sourceTree = "<group>";
		};
		70C2F3D11C60E68200C345B2 /* ViewControllers */ = {
			isa = PBXGroup;
			children = (
				70FB490C1C78780D0023FBC3 /* Comment */,
				707650E11C6E582A000B3556 /* TabBar */,
				707650C01C69F2B0000B3556 /* PostDetail */,
				706BD70E1C67C1D200A277D7 /* PickImage */,
				706BD70B1C67BB5700A277D7 /* NewPost */,
				706BD7001C66558E00A277D7 /* Posts */,
				706BD6E71C63C20D00A277D7 /* Nav */,
				707650EB1C6E68B8000B3556 /* EditUsernmae */,
				706BD6931C63039C00A277D7 /* EditProfile */,
				706BD6891C63030400A277D7 /* About */,
				70C2F4431C61C44C00C345B2 /* Welcome */,
				70C2F43E1C61BD9400C345B2 /* Login */,
				70C2F4311C61BD2E00C345B2 /* Show */,
				70C2F3D21C60E68200C345B2 /* Base */,
				70C2F3D61C60E68200C345B2 /* Register */,
				706BD6791C63019B00A277D7 /* Settings */,
			);
			path = ViewControllers;
			sourceTree = "<group>";
		};
		70C2F3D21C60E68200C345B2 /* Base */ = {
			isa = PBXGroup;
			children = (
				70C2F3D31C60E68200C345B2 /* BaseViewController.swift */,
			);
			path = Base;
			sourceTree = "<group>";
		};
		70C2F3D61C60E68200C345B2 /* Register */ = {
			isa = PBXGroup;
			children = (
				70C2F3D71C60E68200C345B2 /* RegisterPickAvatarViewController.swift */,
				70C2F3D81C60E68200C345B2 /* RegisterPickMobileViewController.swift */,
				70C2F3D91C60E68200C345B2 /* RegisterPickNameViewController.swift */,
				706BD6771C626C8900A277D7 /* RegisterPickPasswordViewController.swift */,
				70C2F3DA1C60E68200C345B2 /* RegisterVerifyMobileViewController.swift */,
			);
			path = Register;
			sourceTree = "<group>";
		};
		70C2F3E41C60E69900C345B2 /* Managers */ = {
			isa = PBXGroup;
			children = (
				70C2F3E51C60E69900C345B2 /* BaseManager.swift */,
				70C2F3E61C60E69900C345B2 /* HttpClient.swift */,
				70C2F3E71C60E69900C345B2 /* ImageManager.swift */,
				70C2F3E81C60E69900C345B2 /* PostManager.swift */,
				70C2F3E91C60E69900C345B2 /* UserManager.swift */,
				707650D11C6D01B5000B3556 /* CommentManager.swift */,
			);
			path = Managers;
			sourceTree = "<group>";
		};
		70C2F4021C60E6B500C345B2 /* Models */ = {
			isa = PBXGroup;
			children = (
				70C2F4031C60E6B500C345B2 /* Post.swift */,
				70C2F4041C60E6B500C345B2 /* UploadToken.swift */,
				70C2F4051C60E6B500C345B2 /* User.swift */,
				706BD6D91C63A0B500A277D7 /* DiscoveredUser.swift */,
				706BD6EA1C64DF8D00A277D7 /* Models.swift */,
				706BD6EE1C64EA9E00A277D7 /* Avatar.swift */,
				706BD6F01C65291500A277D7 /* EmptyObject.swift */,
				706BD7091C67350200A277D7 /* Image.swift */,
				707650BE1C686EEF000B3556 /* ImageItem.swift */,
				707650CF1C6D00AA000B3556 /* Comment.swift */,
				700B1A891C7B6DA00012C5A4 /* VoteItem.swift */,
			);
			path = Models;
			sourceTree = "<group>";
		};
		70C2F4061C60E6B500C345B2 /* Views */ = {
			isa = PBXGroup;
			children = (
				70B7D2521CBE1D52007E270A /* CommentAccessoryView */,
				70FB49071C7790D70023FBC3 /* PostsNavigationBar */,
				70FB48FB1C7646160023FBC3 /* TabBar */,
				70FB48F61C721DDF0023FBC3 /* PostActionView */,
				706BD6F21C66400F00A277D7 /* WaterFallLayout */,
				706BD6981C63581200A277D7 /* HorizontalLine */,
				706BD67E1C63022700A277D7 /* Cells */,
				70C2F41B1C60ECD600C345B2 /* Labels */,
				70C2F4101C60E7E400C345B2 /* TextFields */,
				70C2F40D1C60E76100C345B2 /* Buttons */,
				70C2F40A1C60E72C00C345B2 /* CameraPreview */,
			);
			path = Views;
			sourceTree = "<group>";
		};
		70C2F40A1C60E72C00C345B2 /* CameraPreview */ = {
			isa = PBXGroup;
			children = (
				70C2F40B1C60E72C00C345B2 /* CameraPreviewView.swift */,
			);
			path = CameraPreview;
			sourceTree = "<group>";
		};
		70C2F40D1C60E76100C345B2 /* Buttons */ = {
			isa = PBXGroup;
			children = (
				70FB48ED1C71C9FF0023FBC3 /* OptionsButton */,
				70C2F43C1C61BD5D00C345B2 /* EdgeBorderButton.swift */,
				70C2F40E1C60E76100C345B2 /* BorderButton.swift */,
				701C38641CA7558C0066A365 /* AddButton.swift */,
				701C38661CA7559B0066A365 /* AddButton.xib */,
			);
			path = Buttons;
			sourceTree = "<group>";
		};
		70C2F4101C60E7E400C345B2 /* TextFields */ = {
			isa = PBXGroup;
			children = (
				70C2F4111C60E7E400C345B2 /* BorderTextField.swift */,
			);
			path = TextFields;
			sourceTree = "<group>";
		};
		70C2F4131C60EB2700C345B2 /* Helpers */ = {
			isa = PBXGroup;
			children = (
				706BD6E51C63BA7300A277D7 /* AvatarStyles.swift */,
				706BD6E31C63B4F500A277D7 /* PlainAvatar.swift */,
				70C2F4281C611B4E00C345B2 /* YepAlert.swift */,
				70C2F4201C60ED4100C345B2 /* YepHUD.swift */,
				70C2F4141C60EB5E00C345B2 /* CommonHelper.swift */,
				70C2F42C1C611BF900C345B2 /* YepConfig.swift */,
				706BD6B11C636D0300A277D7 /* YepLog.swift */,
				70696DB41C70C67E0038DB83 /* CustomDateTransform.swift */,
			);
			path = Helpers;
			sourceTree = "<group>";
		};
		70C2F4161C60EBBB00C345B2 /* Extensions */ = {
			isa = PBXGroup;
			children = (
				707650E41C6E590A000B3556 /* UIScrollView+Yep.swift */,
				706BD69B1C63588700A277D7 /* NSBundle+Yep.swift */,
				70C2F42A1C611BCA00C345B2 /* UIImage+Yep.swift */,
				70C2F4261C611AE900C345B2 /* UIFont+Yep.swift */,
				70C2F4241C60EDD400C345B2 /* String+Yep.swift */,
				70C2F4221C60ED7B00C345B2 /* UIViewController+Yep.swift */,
				70C2F41E1C60ED0300C345B2 /* NSTimeZone+Yep.swift */,
				70C2F4191C60EC9600C345B2 /* UIColor+Yep.swift */,
				70C2F4171C60EC6E00C345B2 /* UIColor+WeImg.swift */,
				706BD6EC1C64E78B00A277D7 /* NSFileManager+Yep.swift */,
			);
			path = Extensions;
			sourceTree = "<group>";
		};
		70C2F41B1C60ECD600C345B2 /* Labels */ = {
			isa = PBXGroup;
			children = (
				70C2F41C1C60ECD600C345B2 /* NavigationTitleLabel.swift */,
			);
			path = Labels;
			sourceTree = "<group>";
		};
		70C2F4311C61BD2E00C345B2 /* Show */ = {
			isa = PBXGroup;
			children = (
				70C2F4361C61BD2E00C345B2 /* ShowViewController.swift */,
			);
			path = Show;
			sourceTree = "<group>";
		};
		70C2F43E1C61BD9400C345B2 /* Login */ = {
			isa = PBXGroup;
			children = (
				70C2F43F1C61BD9400C345B2 /* LoginByMobileViewController.swift */,
				70C2F4401C61BD9400C345B2 /* LoginPasswordViewController.swift */,
			);
			path = Login;
			sourceTree = "<group>";
		};
		70C2F4431C61C44C00C345B2 /* Welcome */ = {
			isa = PBXGroup;
			children = (
				70C2F4441C61C44C00C345B2 /* WelcomeViewController.swift */,
			);
			path = Welcome;
			sourceTree = "<group>";
		};
		70FB48D41C7111FD0023FBC3 /* Vendors */ = {
			isa = PBXGroup;
			children = (
				70FB491A1C788E2B0023FBC3 /* UITextView+Placeholder */,
				70FB48D51C71122D0023FBC3 /* UITableView+FDTemplateLayoutCell */,
			);
			path = Vendors;
			sourceTree = "<group>";
		};
		70FB48D51C71122D0023FBC3 /* UITableView+FDTemplateLayoutCell */ = {
			isa = PBXGroup;
			children = (
				70FB48D61C71122D0023FBC3 /* UITableView+FDIndexPathHeightCache.h */,
				70FB48D71C71122D0023FBC3 /* UITableView+FDIndexPathHeightCache.m */,
				70FB48D81C71122D0023FBC3 /* UITableView+FDKeyedHeightCache.h */,
				70FB48D91C71122D0023FBC3 /* UITableView+FDKeyedHeightCache.m */,
				70FB48DA1C71122D0023FBC3 /* UITableView+FDTemplateLayoutCell.h */,
				70FB48DB1C71122D0023FBC3 /* UITableView+FDTemplateLayoutCell.m */,
				70FB48DC1C71122D0023FBC3 /* UITableView+FDTemplateLayoutCellDebug.h */,
				70FB48DD1C71122D0023FBC3 /* UITableView+FDTemplateLayoutCellDebug.m */,
			);
			path = "UITableView+FDTemplateLayoutCell";
			sourceTree = "<group>";
		};
		70FB48ED1C71C9FF0023FBC3 /* OptionsButton */ = {
			isa = PBXGroup;
			children = (
				70FB48EE1C71C9FF0023FBC3 /* CircleView.swift */,
				70FB48EF1C71C9FF0023FBC3 /* CircleView.xib */,
				70FB48F01C71C9FF0023FBC3 /* OptionsButton.swift */,
				70FB48F11C71C9FF0023FBC3 /* OptionsButton.xib */,
			);
			path = OptionsButton;
			sourceTree = "<group>";
		};
		70FB48F61C721DDF0023FBC3 /* PostActionView */ = {
			isa = PBXGroup;
			children = (
				70FB48F71C721DF30023FBC3 /* PostActionView.swift */,
				70FB48F91C721E180023FBC3 /* PostActionView.xib */,
			);
			path = PostActionView;
			sourceTree = "<group>";
		};
		70FB48FB1C7646160023FBC3 /* TabBar */ = {
			isa = PBXGroup;
			children = (
				70FB48FC1C7646390023FBC3 /* TabBar.swift */,
				70FB49021C7655590023FBC3 /* TabbarButton */,
			);
			path = TabBar;
			sourceTree = "<group>";
		};
		70FB49021C7655590023FBC3 /* TabbarButton */ = {
			isa = PBXGroup;
			children = (
				70FB49031C7655590023FBC3 /* TabBarButton.swift */,
				70FB49041C7655590023FBC3 /* TabBarButton.xib */,
			);
			path = TabbarButton;
			sourceTree = "<group>";
		};
		70FB49071C7790D70023FBC3 /* PostsNavigationBar */ = {
			isa = PBXGroup;
			children = (
				70FB49081C7791010023FBC3 /* PostsNavigationBarView.swift */,
				70FB490A1C77911C0023FBC3 /* PostsNavigationBarView.xib */,
			);
			path = PostsNavigationBar;
			sourceTree = "<group>";
		};
		70FB490C1C78780D0023FBC3 /* Comment */ = {
			isa = PBXGroup;
			children = (
				70FB490D1C7878440023FBC3 /* CommentViewController.swift */,
				70FB49131C78787A0023FBC3 /* Comment.storyboard */,
			);
			path = Comment;
			sourceTree = "<group>";
		};
		70FB491A1C788E2B0023FBC3 /* UITextView+Placeholder */ = {
			isa = PBXGroup;
			children = (
				70FB491B1C788E2B0023FBC3 /* UITextView+Placeholder.h */,
				70FB491C1C788E2B0023FBC3 /* UITextView+Placeholder.m */,
			);
			path = "UITextView+Placeholder";
			sourceTree = "<group>";
		};
		70FB491E1C78AB140023FBC3 /* CommentSelection */ = {
			isa = PBXGroup;
			children = (
				70FB491F1C78AB2F0023FBC3 /* CommentSelectionCell.swift */,
				70FB49201C78AB2F0023FBC3 /* CommentSelectionCell.xib */,
			);
			path = CommentSelection;
			sourceTree = "<group>";
		};
		8DC6AB465A73753D8A544447 /* Frameworks */ = {
			isa = PBXGroup;
			children = (
				527C54C41326CCAC54767B52 /* Pods_WeImg.framework */,
			);
			name = Frameworks;
			sourceTree = "<group>";
		};
		DB40785DB5ECC51595966755 /* Pods */ = {
			isa = PBXGroup;
			children = (
				256BB710AFCAA4E8AF7D684E /* Pods-WeImg.debug.xcconfig */,
				423C752F3464F8065CF2BBAC /* Pods-WeImg.release.xcconfig */,
			);
			name = Pods;
			sourceTree = "<group>";
		};
/* End PBXGroup section */

/* Begin PBXNativeTarget section */
		706A001A1C5A297300A8D7B4 /* WeImg */ = {
			isa = PBXNativeTarget;
			buildConfigurationList = 706A003A1C5A297300A8D7B4 /* Build configuration list for PBXNativeTarget "WeImg" */;
			buildPhases = (
				575001F54111F358BFD00671 /* Check Pods Manifest.lock */,
				706A00171C5A297300A8D7B4 /* Sources */,
				706A00181C5A297300A8D7B4 /* Frameworks */,
				706A00191C5A297300A8D7B4 /* Resources */,
				FB02CC444DAAB6BDF2F196EE /* Embed Pods Frameworks */,
				B4DE8ABCEC72E408386725FF /* Copy Pods Resources */,
			);
			buildRules = (
			);
			dependencies = (
			);
			name = WeImg;
			productName = WeImg;
			productReference = 706A001B1C5A297300A8D7B4 /* 微图.app */;
			productType = "com.apple.product-type.application";
		};
		706A00301C5A297300A8D7B4 /* WeImgTests */ = {
			isa = PBXNativeTarget;
			buildConfigurationList = 706A003D1C5A297300A8D7B4 /* Build configuration list for PBXNativeTarget "WeImgTests" */;
			buildPhases = (
				706A002D1C5A297300A8D7B4 /* Sources */,
				706A002E1C5A297300A8D7B4 /* Frameworks */,
				706A002F1C5A297300A8D7B4 /* Resources */,
			);
			buildRules = (
			);
			dependencies = (
				706A00331C5A297300A8D7B4 /* PBXTargetDependency */,
			);
			name = WeImgTests;
			productName = WeImgTests;
			productReference = 706A00311C5A297300A8D7B4 /* WeImgTests.xctest */;
			productType = "com.apple.product-type.bundle.unit-test";
		};
/* End PBXNativeTarget section */

/* Begin PBXProject section */
		706A00131C5A297300A8D7B4 /* Project object */ = {
			isa = PBXProject;
			attributes = {
				LastSwiftUpdateCheck = 0720;
				LastUpgradeCheck = 0720;
				ORGANIZATIONNAME = "WeImg Inc.";
				TargetAttributes = {
					706A001A1C5A297300A8D7B4 = {
						CreatedOnToolsVersion = 7.2;
					};
					706A00301C5A297300A8D7B4 = {
						CreatedOnToolsVersion = 7.2;
						TestTargetID = 706A001A1C5A297300A8D7B4;
					};
				};
			};
			buildConfigurationList = 706A00161C5A297300A8D7B4 /* Build configuration list for PBXProject "WeImg" */;
			compatibilityVersion = "Xcode 3.2";
			developmentRegion = English;
			hasScannedForEncodings = 0;
			knownRegions = (
				Base,
				en,
				"zh-Hans",
			);
			mainGroup = 706A00121C5A297300A8D7B4;
			productRefGroup = 706A001C1C5A297300A8D7B4 /* Products */;
			projectDirPath = "";
			projectRoot = "";
			targets = (
				706A001A1C5A297300A8D7B4 /* WeImg */,
				706A00301C5A297300A8D7B4 /* WeImgTests */,
			);
		};
/* End PBXProject section */

/* Begin PBXResourcesBuildPhase section */
		706A00191C5A297300A8D7B4 /* Resources */ = {
			isa = PBXResourcesBuildPhase;
			buildActionMask = 2147483647;
			files = (
				706A002B1C5A297300A8D7B4 /* LaunchScreen.storyboard in Resources */,
				706BD6A71C6358C300A277D7 /* EditProfileColoredTitleCell.xib in Resources */,
				707650C41C69F320000B3556 /* PostDetail.storyboard in Resources */,
				70B7D2561CBE1D52007E270A /* CommentAccessoryView.xib in Resources */,
				70FB48FA1C721E180023FBC3 /* PostActionView.xib in Resources */,
				706BD6B01C636BA800A277D7 /* AboutCell.xib in Resources */,
				707650C71C69F915000B3556 /* PostTitleView.xib in Resources */,
				70FB490B1C77911C0023FBC3 /* PostsNavigationBarView.xib in Resources */,
				706A00281C5A297300A8D7B4 /* Images.xcassets in Resources */,
				706BD71C1C67D40600A277D7 /* AddImageCell.xib in Resources */,
				706BD7141C67C8A600A277D7 /* NewPost.storyboard in Resources */,
				70C2F4481C61C4AE00C345B2 /* Show.storyboard in Resources */,
				70696DB11C6F103D0038DB83 /* PostOutlineCell.xib in Resources */,
				70FB48F51C71C9FF0023FBC3 /* OptionsButton.xib in Resources */,
				707650DB1C6D16EC000B3556 /* CommentCell.xib in Resources */,
				70FB49141C78787A0023FBC3 /* Comment.storyboard in Resources */,
				706BD6961C63039C00A277D7 /* EditProfile.storyboard in Resources */,
				706BD6881C63025B00A277D7 /* SettingsMoreCell.xib in Resources */,
				706BD7121C67C26300A277D7 /* PickImage.storyboard in Resources */,
				70FB49221C78AB2F0023FBC3 /* CommentSelectionCell.xib in Resources */,
				706BD67C1C63019B00A277D7 /* Settings.storyboard in Resources */,
				70629B121C61EF7500865921 /* Localizable.strings in Resources */,
				706BD6831C63022700A277D7 /* SettingsUserCell.xib in Resources */,
				707650CC1C6A15A4000B3556 /* PostImageCell.xib in Resources */,
				706A00261C5A297300A8D7B4 /* Main.storyboard in Resources */,
				70C2F44A1C61C61D00C345B2 /* Show.xcassets in Resources */,
				70696DB31C6F7AB90038DB83 /* Posts.storyboard in Resources */,
				707650E01C6D95F7000B3556 /* CommentHeader.xib in Resources */,
				701C38671CA7559B0066A365 /* AddButton.xib in Resources */,
				70C2F4301C611D1F00C345B2 /* Intro.storyboard in Resources */,
				70FB48F31C71C9FF0023FBC3 /* CircleView.xib in Resources */,
				706BD7181C67CDA700A277D7 /* EditImageCell.xib in Resources */,
				707650EE1C6E68B8000B3556 /* EditUsername.storyboard in Resources */,
				70FB49061C7655590023FBC3 /* TabBarButton.xib in Resources */,
				706BD68C1C63030400A277D7 /* About.storyboard in Resources */,
				706BD6A91C6358C300A277D7 /* EditProfileLessInfoCell.xib in Resources */,
			);
			runOnlyForDeploymentPostprocessing = 0;
		};
		706A002F1C5A297300A8D7B4 /* Resources */ = {
			isa = PBXResourcesBuildPhase;
			buildActionMask = 2147483647;
			files = (
				70C2F3601C5F5EE300C345B2 /* beauty.jpg in Resources */,
			);
			runOnlyForDeploymentPostprocessing = 0;
		};
/* End PBXResourcesBuildPhase section */

/* Begin PBXShellScriptBuildPhase section */
		575001F54111F358BFD00671 /* Check Pods Manifest.lock */ = {
			isa = PBXShellScriptBuildPhase;
			buildActionMask = 2147483647;
			files = (
			);
			inputPaths = (
			);
			name = "Check Pods Manifest.lock";
			outputPaths = (
			);
			runOnlyForDeploymentPostprocessing = 0;
			shellPath = /bin/sh;
			shellScript = "diff \"${PODS_ROOT}/../Podfile.lock\" \"${PODS_ROOT}/Manifest.lock\" > /dev/null\nif [[ $? != 0 ]] ; then\n    cat << EOM\nerror: The sandbox is not in sync with the Podfile.lock. Run 'pod install' or update your CocoaPods installation.\nEOM\n    exit 1\nfi\n";
			showEnvVarsInLog = 0;
		};
		B4DE8ABCEC72E408386725FF /* Copy Pods Resources */ = {
			isa = PBXShellScriptBuildPhase;
			buildActionMask = 2147483647;
			files = (
			);
			inputPaths = (
			);
			name = "Copy Pods Resources";
			outputPaths = (
			);
			runOnlyForDeploymentPostprocessing = 0;
			shellPath = /bin/sh;
			shellScript = "\"${SRCROOT}/Pods/Target Support Files/Pods-WeImg/Pods-WeImg-resources.sh\"\n";
			showEnvVarsInLog = 0;
		};
		FB02CC444DAAB6BDF2F196EE /* Embed Pods Frameworks */ = {
			isa = PBXShellScriptBuildPhase;
			buildActionMask = 2147483647;
			files = (
			);
			inputPaths = (
			);
			name = "Embed Pods Frameworks";
			outputPaths = (
			);
			runOnlyForDeploymentPostprocessing = 0;
			shellPath = /bin/sh;
			shellScript = "\"${SRCROOT}/Pods/Target Support Files/Pods-WeImg/Pods-WeImg-frameworks.sh\"\n";
			showEnvVarsInLog = 0;
		};
/* End PBXShellScriptBuildPhase section */

/* Begin PBXSourcesBuildPhase section */
		706A00171C5A297300A8D7B4 /* Sources */ = {
			isa = PBXSourcesBuildPhase;
			buildActionMask = 2147483647;
			files = (
				707650D21C6D01B5000B3556 /* CommentManager.swift in Sources */,
				70C2F3E11C60E68200C345B2 /* RegisterPickNameViewController.swift in Sources */,
				707650E31C6E582A000B3556 /* YepTabBarController.swift in Sources */,
				70FB491D1C788E2B0023FBC3 /* UITextView+Placeholder.m in Sources */,
				70C2F3E01C60E68200C345B2 /* RegisterPickMobileViewController.swift in Sources */,
				70C2F43D1C61BD5D00C345B2 /* EdgeBorderButton.swift in Sources */,
				706BD6E61C63BA7300A277D7 /* AvatarStyles.swift in Sources */,
				706BD6E91C63C20D00A277D7 /* YepNavigationController.swift in Sources */,
				70C2F40C1C60E72C00C345B2 /* CameraPreviewView.swift in Sources */,
				70C2F4121C60E7E400C345B2 /* BorderTextField.swift in Sources */,
				70C2F41A1C60EC9600C345B2 /* UIColor+Yep.swift in Sources */,
				706BD70D1C67C04400A277D7 /* NewPostViewController.swift in Sources */,
				70C2F3F61C60E69900C345B2 /* HttpClient.swift in Sources */,
				707650CE1C6A15B8000B3556 /* PostImageCell.swift in Sources */,
				701C38651CA7558C0066A365 /* AddButton.swift in Sources */,
				70C2F3F51C60E69900C345B2 /* BaseManager.swift in Sources */,
				70C2F3E21C60E68200C345B2 /* RegisterVerifyMobileViewController.swift in Sources */,
				70FB48F21C71C9FF0023FBC3 /* CircleView.swift in Sources */,
				706BD6AF1C636BA800A277D7 /* AboutCell.swift in Sources */,
				70FB48F81C721DF30023FBC3 /* PostActionView.swift in Sources */,
				70C2F4411C61BD9400C345B2 /* LoginByMobileViewController.swift in Sources */,
				706A001F1C5A297300A8D7B4 /* AppDelegate.swift in Sources */,
				706BD6821C63022700A277D7 /* SettingsUserCell.swift in Sources */,
				707650DA1C6D16EC000B3556 /* CommentCell.swift in Sources */,
				706BD6871C63025B00A277D7 /* SettingsMoreCell.swift in Sources */,
				706BD6F11C65291500A277D7 /* EmptyObject.swift in Sources */,
				70FB48DE1C71122D0023FBC3 /* UITableView+FDIndexPathHeightCache.m in Sources */,
				70FB48DF1C71122D0023FBC3 /* UITableView+FDKeyedHeightCache.m in Sources */,
				706BD6781C626C8900A277D7 /* RegisterPickPasswordViewController.swift in Sources */,
				700B1A8A1C7B6DA00012C5A4 /* VoteItem.swift in Sources */,
				70C2F4211C60ED4100C345B2 /* YepHUD.swift in Sources */,
				70C2F4251C60EDD400C345B2 /* String+Yep.swift in Sources */,
				70C2F3DF1C60E68200C345B2 /* RegisterPickAvatarViewController.swift in Sources */,
				70C2F3F81C60E69900C345B2 /* PostManager.swift in Sources */,
				706BD7101C67C1DD00A277D7 /* PickImageViewController.swift in Sources */,
				70696DB51C70C67E0038DB83 /* CustomDateTransform.swift in Sources */,
				70FB49091C7791010023FBC3 /* PostsNavigationBarView.swift in Sources */,
				706BD6DA1C63A0B500A277D7 /* DiscoveredUser.swift in Sources */,
				70C2F42D1C611BF900C345B2 /* YepConfig.swift in Sources */,
				70C2F43B1C61BD2E00C345B2 /* ShowViewController.swift in Sources */,
				706BD68D1C63030400A277D7 /* AboutViewController.swift in Sources */,
				70FB49211C78AB2F0023FBC3 /* CommentSelectionCell.swift in Sources */,
				70C2F4081C60E6B500C345B2 /* UploadToken.swift in Sources */,
				706BD69A1C63581200A277D7 /* HorizontalLineView.swift in Sources */,
				70C2F4291C611B4E00C345B2 /* YepAlert.swift in Sources */,
				706BD70A1C67350200A277D7 /* Image.swift in Sources */,
				701C38611CA74DB00066A365 /* AddImageCell.swift in Sources */,
				70FB48FD1C7646390023FBC3 /* TabBar.swift in Sources */,
				706BD6A61C6358C300A277D7 /* EditProfileColoredTitleCell.swift in Sources */,
				707650E51C6E590A000B3556 /* UIScrollView+Yep.swift in Sources */,
				70C2F4421C61BD9400C345B2 /* LoginPasswordViewController.swift in Sources */,
				70C2F3DC1C60E68200C345B2 /* BaseViewController.swift in Sources */,
				706BD71A1C67CDBD00A277D7 /* EditImageCell.swift in Sources */,
				70C2F42B1C611BCA00C345B2 /* UIImage+Yep.swift in Sources */,
				70B7D2551CBE1D52007E270A /* CommentAccessoryView.swift in Sources */,
				707650C91C69F926000B3556 /* PostTitleView.swift in Sources */,
				70C2F40F1C60E76100C345B2 /* BorderButton.swift in Sources */,
				70C2F3F91C60E69900C345B2 /* UserManager.swift in Sources */,
				70C2F4071C60E6B500C345B2 /* Post.swift in Sources */,
				706BD6F41C66400F00A277D7 /* CHTCollectionViewWaterfallLayout.swift in Sources */,
				706BD6EF1C64EA9E00A277D7 /* Avatar.swift in Sources */,
				70FB48E01C71122D0023FBC3 /* UITableView+FDTemplateLayoutCell.m in Sources */,
				706BD6971C63039C00A277D7 /* EditProfileViewController.swift in Sources */,
				706BD6B21C636D0300A277D7 /* YepLog.swift in Sources */,
				70C2F4091C60E6B500C345B2 /* User.swift in Sources */,
				707650C21C69F2C6000B3556 /* PostDetailViewController.swift in Sources */,
				70C2F4271C611AE900C345B2 /* UIFont+Yep.swift in Sources */,
				70C2F3F71C60E69900C345B2 /* ImageManager.swift in Sources */,
				706BD6E21C63B01B00A277D7 /* WeChatActivity.swift in Sources */,
				706BD6ED1C64E78B00A277D7 /* NSFileManager+Yep.swift in Sources */,
				707650D01C6D00AA000B3556 /* Comment.swift in Sources */,
				70FB48E11C71122D0023FBC3 /* UITableView+FDTemplateLayoutCellDebug.m in Sources */,
				707650BF1C686EEF000B3556 /* ImageItem.swift in Sources */,
				706BD67D1C63019B00A277D7 /* SettingsViewController.swift in Sources */,
				707650EF1C6E68B8000B3556 /* EditUsernameController.swift in Sources */,
				70C2F4451C61C44C00C345B2 /* WelcomeViewController.swift in Sources */,
				707650DF1C6D95F7000B3556 /* CommentHeader.swift in Sources */,
				706BD7081C66558E00A277D7 /* PostsViewController.swift in Sources */,
				70C2F4151C60EB5E00C345B2 /* CommonHelper.swift in Sources */,
				70696DB01C6F103D0038DB83 /* PostOutlineCell.swift in Sources */,
				70C2F4231C60ED7B00C345B2 /* UIViewController+Yep.swift in Sources */,
				70FB48F41C71C9FF0023FBC3 /* OptionsButton.swift in Sources */,
				70FB490E1C7878440023FBC3 /* CommentViewController.swift in Sources */,
				706BD69C1C63588700A277D7 /* NSBundle+Yep.swift in Sources */,
				70FB49051C7655590023FBC3 /* TabBarButton.swift in Sources */,
				70C2F4181C60EC6E00C345B2 /* UIColor+WeImg.swift in Sources */,
				706BD6EB1C64DF8D00A277D7 /* Models.swift in Sources */,
				70C2F41D1C60ECD600C345B2 /* NavigationTitleLabel.swift in Sources */,
				706BD6A81C6358C300A277D7 /* EditProfileLessInfoCell.swift in Sources */,
				70C2F41F1C60ED0300C345B2 /* NSTimeZone+Yep.swift in Sources */,
				706BD6E41C63B4F500A277D7 /* PlainAvatar.swift in Sources */,
			);
			runOnlyForDeploymentPostprocessing = 0;
		};
		706A002D1C5A297300A8D7B4 /* Sources */ = {
			isa = PBXSourcesBuildPhase;
			buildActionMask = 2147483647;
			files = (
				706A00361C5A297300A8D7B4 /* WeImgTests.swift in Sources */,
			);
			runOnlyForDeploymentPostprocessing = 0;
		};
/* End PBXSourcesBuildPhase section */

/* Begin PBXTargetDependency section */
		706A00331C5A297300A8D7B4 /* PBXTargetDependency */ = {
			isa = PBXTargetDependency;
			target = 706A001A1C5A297300A8D7B4 /* WeImg */;
			targetProxy = 706A00321C5A297300A8D7B4 /* PBXContainerItemProxy */;
		};
/* End PBXTargetDependency section */

/* Begin PBXVariantGroup section */
		70629B141C61EF7500865921 /* Localizable.strings */ = {
			isa = PBXVariantGroup;
			children = (
				70629B161C61EFC000865921 /* zh-Hans */,
				70629B171C61EFD900865921 /* en */,
			);
			name = Localizable.strings;
			sourceTree = "<group>";
		};
		706A00241C5A297300A8D7B4 /* Main.storyboard */ = {
			isa = PBXVariantGroup;
			children = (
				706A00251C5A297300A8D7B4 /* Base */,
			);
			name = Main.storyboard;
			sourceTree = "<group>";
		};
		706A00291C5A297300A8D7B4 /* LaunchScreen.storyboard */ = {
			isa = PBXVariantGroup;
			children = (
				706A002A1C5A297300A8D7B4 /* Base */,
			);
			name = LaunchScreen.storyboard;
			sourceTree = "<group>";
		};
		70C2F42E1C611D1F00C345B2 /* Intro.storyboard */ = {
			isa = PBXVariantGroup;
			children = (
				70C2F42F1C611D1F00C345B2 /* Base */,
			);
			name = Intro.storyboard;
			sourceTree = "<group>";
		};
		70C2F4461C61C4AE00C345B2 /* Show.storyboard */ = {
			isa = PBXVariantGroup;
			children = (
				70C2F4471C61C4AE00C345B2 /* Base */,
			);
			name = Show.storyboard;
			sourceTree = "<group>";
		};
/* End PBXVariantGroup section */

/* Begin XCBuildConfiguration section */
		706A00381C5A297300A8D7B4 /* Debug */ = {
			isa = XCBuildConfiguration;
			buildSettings = {
				ALWAYS_SEARCH_USER_PATHS = NO;
				CLANG_CXX_LANGUAGE_STANDARD = "gnu++0x";
				CLANG_CXX_LIBRARY = "libc++";
				CLANG_ENABLE_MODULES = YES;
				CLANG_ENABLE_OBJC_ARC = YES;
				CLANG_WARN_BOOL_CONVERSION = YES;
				CLANG_WARN_CONSTANT_CONVERSION = YES;
				CLANG_WARN_DIRECT_OBJC_ISA_USAGE = YES_ERROR;
				CLANG_WARN_EMPTY_BODY = YES;
				CLANG_WARN_ENUM_CONVERSION = YES;
				CLANG_WARN_INT_CONVERSION = YES;
				CLANG_WARN_OBJC_ROOT_CLASS = YES_ERROR;
				CLANG_WARN_UNREACHABLE_CODE = YES;
				CLANG_WARN__DUPLICATE_METHOD_MATCH = YES;
				"CODE_SIGN_IDENTITY[sdk=iphoneos*]" = "iPhone Developer";
				COPY_PHASE_STRIP = NO;
				DEBUG_INFORMATION_FORMAT = dwarf;
				ENABLE_STRICT_OBJC_MSGSEND = YES;
				ENABLE_TESTABILITY = YES;
				GCC_C_LANGUAGE_STANDARD = gnu99;
				GCC_DYNAMIC_NO_PIC = NO;
				GCC_NO_COMMON_BLOCKS = YES;
				GCC_OPTIMIZATION_LEVEL = 0;
				GCC_PREPROCESSOR_DEFINITIONS = (
					"DEBUG=1",
					"$(inherited)",
				);
				GCC_WARN_64_TO_32_BIT_CONVERSION = YES;
				GCC_WARN_ABOUT_RETURN_TYPE = YES_ERROR;
				GCC_WARN_UNDECLARED_SELECTOR = YES;
				GCC_WARN_UNINITIALIZED_AUTOS = YES_AGGRESSIVE;
				GCC_WARN_UNUSED_FUNCTION = YES;
				GCC_WARN_UNUSED_VARIABLE = YES;
				IPHONEOS_DEPLOYMENT_TARGET = 9.2;
				MTL_ENABLE_DEBUG_INFO = YES;
				ONLY_ACTIVE_ARCH = YES;
				SDKROOT = iphoneos;
				SWIFT_OPTIMIZATION_LEVEL = "-Onone";
			};
			name = Debug;
		};
		706A00391C5A297300A8D7B4 /* Release */ = {
			isa = XCBuildConfiguration;
			buildSettings = {
				ALWAYS_SEARCH_USER_PATHS = NO;
				CLANG_CXX_LANGUAGE_STANDARD = "gnu++0x";
				CLANG_CXX_LIBRARY = "libc++";
				CLANG_ENABLE_MODULES = YES;
				CLANG_ENABLE_OBJC_ARC = YES;
				CLANG_WARN_BOOL_CONVERSION = YES;
				CLANG_WARN_CONSTANT_CONVERSION = YES;
				CLANG_WARN_DIRECT_OBJC_ISA_USAGE = YES_ERROR;
				CLANG_WARN_EMPTY_BODY = YES;
				CLANG_WARN_ENUM_CONVERSION = YES;
				CLANG_WARN_INT_CONVERSION = YES;
				CLANG_WARN_OBJC_ROOT_CLASS = YES_ERROR;
				CLANG_WARN_UNREACHABLE_CODE = YES;
				CLANG_WARN__DUPLICATE_METHOD_MATCH = YES;
				"CODE_SIGN_IDENTITY[sdk=iphoneos*]" = "iPhone Developer";
				COPY_PHASE_STRIP = NO;
				DEBUG_INFORMATION_FORMAT = "dwarf-with-dsym";
				ENABLE_NS_ASSERTIONS = NO;
				ENABLE_STRICT_OBJC_MSGSEND = YES;
				GCC_C_LANGUAGE_STANDARD = gnu99;
				GCC_NO_COMMON_BLOCKS = YES;
				GCC_WARN_64_TO_32_BIT_CONVERSION = YES;
				GCC_WARN_ABOUT_RETURN_TYPE = YES_ERROR;
				GCC_WARN_UNDECLARED_SELECTOR = YES;
				GCC_WARN_UNINITIALIZED_AUTOS = YES_AGGRESSIVE;
				GCC_WARN_UNUSED_FUNCTION = YES;
				GCC_WARN_UNUSED_VARIABLE = YES;
				IPHONEOS_DEPLOYMENT_TARGET = 9.2;
				MTL_ENABLE_DEBUG_INFO = NO;
				SDKROOT = iphoneos;
				VALIDATE_PRODUCT = YES;
			};
			name = Release;
		};
		706A003B1C5A297300A8D7B4 /* Debug */ = {
			isa = XCBuildConfiguration;
			baseConfigurationReference = 256BB710AFCAA4E8AF7D684E /* Pods-WeImg.debug.xcconfig */;
			buildSettings = {
				ASSETCATALOG_COMPILER_APPICON_NAME = AppIcon;
				CLANG_ENABLE_MODULES = YES;
				INFOPLIST_FILE = WeImg/Info.plist;
				IPHONEOS_DEPLOYMENT_TARGET = 9.0;
				LD_RUNPATH_SEARCH_PATHS = "$(inherited) @executable_path/Frameworks";
				PRODUCT_BUNDLE_IDENTIFIER = com.weimg.WeImg;
				PRODUCT_NAME = "微图";
				PROVISIONING_PROFILE = "ba10effd-3063-4dac-9303-499e489bfd2d";
				SWIFT_OBJC_BRIDGING_HEADER = "WeImg/WeImg-Bridging-Header.h";
				SWIFT_OPTIMIZATION_LEVEL = "-Onone";
			};
			name = Debug;
		};
		706A003C1C5A297300A8D7B4 /* Release */ = {
			isa = XCBuildConfiguration;
			baseConfigurationReference = 423C752F3464F8065CF2BBAC /* Pods-WeImg.release.xcconfig */;
			buildSettings = {
				ASSETCATALOG_COMPILER_APPICON_NAME = AppIcon;
				CLANG_ENABLE_MODULES = YES;
				INFOPLIST_FILE = WeImg/Info.plist;
				IPHONEOS_DEPLOYMENT_TARGET = 9.0;
				LD_RUNPATH_SEARCH_PATHS = "$(inherited) @executable_path/Frameworks";
				PRODUCT_BUNDLE_IDENTIFIER = com.weimg.WeImg;
				PRODUCT_NAME = "微图";
				PROVISIONING_PROFILE = "ba10effd-3063-4dac-9303-499e489bfd2d";
				SWIFT_OBJC_BRIDGING_HEADER = "WeImg/WeImg-Bridging-Header.h";
			};
			name = Release;
		};
		706A003E1C5A297300A8D7B4 /* Debug */ = {
			isa = XCBuildConfiguration;
			buildSettings = {
				BUNDLE_LOADER = "$(TEST_HOST)";
				INFOPLIST_FILE = WeImgTests/Info.plist;
				LD_RUNPATH_SEARCH_PATHS = "$(inherited) @executable_path/Frameworks @loader_path/Frameworks";
				PRODUCT_BUNDLE_IDENTIFIER = com.weimg.WeImgTests;
				PRODUCT_NAME = "$(TARGET_NAME)";
				TEST_HOST = "$(BUILT_PRODUCTS_DIR)/WeImg.app/WeImg";
			};
			name = Debug;
		};
		706A003F1C5A297300A8D7B4 /* Release */ = {
			isa = XCBuildConfiguration;
			buildSettings = {
				BUNDLE_LOADER = "$(TEST_HOST)";
				INFOPLIST_FILE = WeImgTests/Info.plist;
				LD_RUNPATH_SEARCH_PATHS = "$(inherited) @executable_path/Frameworks @loader_path/Frameworks";
				PRODUCT_BUNDLE_IDENTIFIER = com.weimg.WeImgTests;
				PRODUCT_NAME = "$(TARGET_NAME)";
				TEST_HOST = "$(BUILT_PRODUCTS_DIR)/WeImg.app/WeImg";
			};
			name = Release;
		};
/* End XCBuildConfiguration section */

/* Begin XCConfigurationList section */
		706A00161C5A297300A8D7B4 /* Build configuration list for PBXProject "WeImg" */ = {
			isa = XCConfigurationList;
			buildConfigurations = (
				706A00381C5A297300A8D7B4 /* Debug */,
				706A00391C5A297300A8D7B4 /* Release */,
			);
			defaultConfigurationIsVisible = 0;
			defaultConfigurationName = Release;
		};
		706A003A1C5A297300A8D7B4 /* Build configuration list for PBXNativeTarget "WeImg" */ = {
			isa = XCConfigurationList;
			buildConfigurations = (
				706A003B1C5A297300A8D7B4 /* Debug */,
				706A003C1C5A297300A8D7B4 /* Release */,
			);
			defaultConfigurationIsVisible = 0;
			defaultConfigurationName = Release;
		};
		706A003D1C5A297300A8D7B4 /* Build configuration list for PBXNativeTarget "WeImgTests" */ = {
			isa = XCConfigurationList;
			buildConfigurations = (
				706A003E1C5A297300A8D7B4 /* Debug */,
				706A003F1C5A297300A8D7B4 /* Release */,
			);
			defaultConfigurationIsVisible = 0;
			defaultConfigurationName = Release;
		};
/* End XCConfigurationList section */
	};
	rootObject = 706A00131C5A297300A8D7B4 /* Project object */;
}
